Microsoft Visual Studio Solution File, Format Version 12.00
# Visual Studio 15
VisualStudioVersion = 15.0.27130.2026
MinimumVisualStudioVersion = 10.0.40219.1
Project("{FAE04EC0-301F-11D3-BF4B-00C04F79EFBC}") = "AllocationScheduler", "AllocationScheduler\AllocationScheduler.csproj", "{6E25EB8E-DB77-46C4-A303-FE741437B677}"
EndProject
Project("{FAE04EC0-301F-11D3-BF4B-00C04F79EFBC}") = "Client", "ApplicationClient\Client.csproj", "{0959C191-67B1-4997-B24A-3172BD1CAED5}"
EndProject
Project("{FAE04EC0-301F-11D3-BF4B-00C04F79EFBC}") = "Business", "Business\Business.csproj", "{934F0067-9BD4-4283-9580-F0B024C2D29D}"
EndProject
Project("{FAE04EC0-301F-11D3-BF4B-00C04F79EFBC}") = "ColorCodesLoad", "ColorCodesLoad\ColorCodesLoad.csproj", "{7FC69763-3726-4D86-A68A-B92FE1815CC6}"
EndProject
Project("{FAE04EC0-301F-11D3-BF4B-00C04F79EFBC}") = "Common", "Common\Common.csproj", "{BC3ABAD0-6C39-4385-8229-850E87DD22D0}"
EndProject
Project("{FAE04EC0-301F-11D3-BF4B-00C04F79EFBC}") = "Windows.Controls", "CONTROL\Windows.Controls.csproj", "{C589F61C-B85C-4E2F-BBB6-9B250AD08124}"
EndProject
Project("{FAE04EC0-301F-11D3-BF4B-00C04F79EFBC}") = "Data", "Data\Data.csproj", "{90D34E6E-6872-4531-8283-F9A7450C4BAF}"
EndProject
Project("{FAE04EC0-301F-11D3-BF4B-00C04F79EFBC}") = "DatabaseDefinition", "DatabaseDefinition\DatabaseDefinition.csproj", "{5B146E3C-D128-4E30-848B-11EC169EE874}"
EndProject
Project("{FAE04EC0-301F-11D3-BF4B-00C04F79EFBC}") = "DataCommon", "DataCommon\DataCommon.csproj", "{F33FC337-30FC-409C-898D-DF39A2016B6B}"
EndProject
Project("{FAE04EC0-301F-11D3-BF4B-00C04F79EFBC}") = "ForecastComputations", "ForecastComputations\ForecastComputations.csproj", "{F638A41B-346D-461E-A92E-F3945CA97E69}"
EndProject
Project("{FAE04EC0-301F-11D3-BF4B-00C04F79EFBC}") = "Graphics", "Graphics\Graphics.csproj", "{6FA76943-D1B2-4745-8576-41AD3041CAD9}"
EndProject
Project("{FAE04EC0-301F-11D3-BF4B-00C04F79EFBC}") = "HeaderLoad", "HeaderLoad\HeaderLoad.csproj", "{92B63DEF-A762-4048-8B5A-A94324A2A50E}"
EndProject
Project("{FAE04EC0-301F-11D3-BF4B-00C04F79EFBC}") = "HierarchyLoad", "HierarchyLoad\HierarchyLoad.csproj", "{1625E465-6052-489C-BB89-9494A636EBFE}"
EndProject
Project("{FAE04EC0-301F-11D3-BF4B-00C04F79EFBC}") = "HistoryPlanLoad", "HistoryPlanLoad\HistoryPlanLoad.csproj", "{920ED763-2939-49B0-8986-8D15180422ED}"
EndProject
Project("{FAE04EC0-301F-11D3-BF4B-00C04F79EFBC}") = "PlanForecasting", "PlanForecasting\PlanForecasting.csproj", "{7E254FD2-AC07-48CB-9D43-BCAF475C10ED}"
EndProject
Project("{FAE04EC0-301F-11D3-BF4B-00C04F79EFBC}") = "Purge", "Purge\Purge.csproj", "{E02B76F3-86DE-4E4E-95BE-4A64F57EA626}"
EndProject
Project("{FAE04EC0-301F-11D3-BF4B-00C04F79EFBC}") = "RelieveIntransit", "RelieveIntransit\RelieveIntransit.csproj", "{CEF3FB6A-EAF0-4893-9348-E0AB4B679A6C}"
EndProject
Project("{FAE04EC0-301F-11D3-BF4B-00C04F79EFBC}") = "Rollup", "ROLLUP\Rollup.csproj", "{64CDF322-BEA2-4BD8-AD8D-5A3DE1458E69}"
EndProject
Project("{FAE04EC0-301F-11D3-BF4B-00C04F79EFBC}") = "ScheduleInterface", "ScheduleInterface\ScheduleInterface.csproj", "{53A846A8-A763-4078-90F6-6E0A2EF29EA0}"
EndProject
Project("{FAE04EC0-301F-11D3-BF4B-00C04F79EFBC}") = "Service.Application", "Service\Application\Service.Application.csproj", "{A91C6280-FFCF-4EDC-A6AA-6ECE9A36DDF7}"
EndProject
Project("{FAE04EC0-301F-11D3-BF4B-00C04F79EFBC}") = "Service.Control", "Service\Control\Service.Control.csproj", "{0EFEACAF-8F35-4CBE-BC18-9A9DB7B8A71F}"
EndProject
Project("{FAE04EC0-301F-11D3-BF4B-00C04F79EFBC}") = "Service.Hierarchy", "Service\Hierarchy\Service.Hierarchy.csproj", "{A4CEA989-5FA9-48B9-A33E-092C61C39DEC}"
EndProject
Project("{FAE04EC0-301F-11D3-BF4B-00C04F79EFBC}") = "Service.Scheduler", "Service\Scheduler\Service.Scheduler.csproj", "{D8757A2D-A026-4100-8BB8-F817E86CB9D9}"
EndProject
Project("{FAE04EC0-301F-11D3-BF4B-00C04F79EFBC}") = "ServiceDebug.Application", "ServiceDebug\Application\ServiceDebug.Application.csproj", "{D9A20E2C-8E39-4FA7-9345-643EEFFA8E6E}"
EndProject
Project("{FAE04EC0-301F-11D3-BF4B-00C04F79EFBC}") = "ServiceDebug.Hierarchy", "ServiceDebug\Hierarchy\ServiceDebug.Hierarchy.csproj", "{324CCBF9-1FB5-4499-A590-82AE84B6D265}"
EndProject
Project("{FAE04EC0-301F-11D3-BF4B-00C04F79EFBC}") = "ServiceDebug.Scheduler", "ServiceDebug\Scheduler\ServiceDebug.Scheduler.csproj", "{F41D720C-6908-4567-AA41-1BF9285017B6}"
EndProject
Project("{FAE04EC0-301F-11D3-BF4B-00C04F79EFBC}") = "SizeCodesLoad", "SizeCodesLoad\SizeCodesLoad.csproj", "{82870428-BDFA-4C46-8FF2-E9F0B2850A16}"
EndProject
Project("{FAE04EC0-301F-11D3-BF4B-00C04F79EFBC}") = "SizeCurveLoad", "SizeCurveLoad\SizeCurveLoad.csproj", "{12CBE32B-09FE-492E-AD62-14ACDD8A2E71}"
EndProject
Project("{FAE04EC0-301F-11D3-BF4B-00C04F79EFBC}") = "SQLServer", "SQLServer\SQLServer.csproj", "{314819AD-02AB-436A-9B4F-9EED60509ADA}"
EndProject
Project("{FAE04EC0-301F-11D3-BF4B-00C04F79EFBC}") = "StoreLoad", "StoreLoad\StoreLoad.csproj", "{8E51B134-C514-4891-8ACA-F85E082C3051}"
EndProject
Project("{FAE04EC0-301F-11D3-BF4B-00C04F79EFBC}") = "Windows", "Windows\Windows.csproj", "{77CC9E63-AF51-4736-9A26-43C12B66491B}"
EndProject
Project("{FAE04EC0-301F-11D3-BF4B-00C04F79EFBC}") = "Service.Store", "Service\Store\Service.Store.csproj", "{F5E4B4E1-4DE0-44A7-8897-C041C7DB4D39}"
EndProject
Project("{FAE04EC0-301F-11D3-BF4B-00C04F79EFBC}") = "LicenseKeyGen", "LicenseKeyGen\LicenseKeyGen.csproj", "{E5D33734-2482-4487-B554-7891C9D71CA5}"
EndProject
Project("{FAE04EC0-301F-11D3-BF4B-00C04F79EFBC}") = "LicenseKeyInstaller", "LicenseKeyInstaller\LicenseKeyInstaller.csproj", "{C59840C4-D04C-468C-9AC1-BE745F2F5A14}"
EndProject
Project("{FAE04EC0-301F-11D3-BF4B-00C04F79EFBC}") = "Service.GarbageCollection", "Service\GarbageCollection\Service.GarbageCollection.csproj", "{3A7436B0-F7B3-42D5-A090-9E29FE73EA70}"
EndProject
Project("{FAE04EC0-301F-11D3-BF4B-00C04F79EFBC}") = "XMLExample", "XMLExample\XMLExample.csproj", "{5796D5E9-E53E-4F86-B234-23C832E42EF1}"
EndProject
Project("{FAE04EC0-301F-11D3-BF4B-00C04F79EFBC}") = "SqlServerDatabaseUpdate", "SQLServerDatabaseUpdate\SqlServerDatabaseUpdate.csproj", "{870C08AA-F0EA-4A9A-8353-37502EB8C71C}"
EndProject
Project("{FAE04EC0-301F-11D3-BF4B-00C04F79EFBC}") = "ServiceDebug.Store", "ServiceDebug\Store\ServiceDebug.Store.csproj", "{76BD9044-EBA4-4A61-AF3B-9D629D453EC1}"
EndProject
Project("{FAE04EC0-301F-11D3-BF4B-00C04F79EFBC}") = "SizeConstraintsLoad", "SizeConstraintsLoad\SizeConstraintsLoad.csproj", "{666B721A-5770-4FBA-A932-C3EF752759D5}"
	ProjectSection(ProjectDependencies) = postProject
		{F638A41B-346D-461E-A92E-F3945CA97E69} = {F638A41B-346D-461E-A92E-F3945CA97E69}
		{F33FC337-30FC-409C-898D-DF39A2016B6B} = {F33FC337-30FC-409C-898D-DF39A2016B6B}
		{934F0067-9BD4-4283-9580-F0B024C2D29D} = {934F0067-9BD4-4283-9580-F0B024C2D29D}
		{90D34E6E-6872-4531-8283-F9A7450C4BAF} = {90D34E6E-6872-4531-8283-F9A7450C4BAF}
		{BC3ABAD0-6C39-4385-8229-850E87DD22D0} = {BC3ABAD0-6C39-4385-8229-850E87DD22D0}
	EndProjectSection
EndProject
Project("{FAE04EC0-301F-11D3-BF4B-00C04F79EFBC}") = "ComputationDriver", "ComputationDriver\ComputationDriver.csproj", "{8818C08E-9037-4D65-816B-01B7D8A0085C}"
EndProject
Project("{FAE04EC0-301F-11D3-BF4B-00C04F79EFBC}") = "Utilities", "Utilities\Utilities.csproj", "{17221942-A050-4C82-9B67-A873126D1891}"
EndProject
Project("{FAE04EC0-301F-11D3-BF4B-00C04F79EFBC}") = "CopyRelease", "CopyRelease\CopyRelease.csproj", "{C3DC8829-FD81-4780-ACA3-A1E6524199C0}"
EndProject
Project("{FAE04EC0-301F-11D3-BF4B-00C04F79EFBC}") = "SpecialRequest", "SpecialRequest\SpecialRequest.csproj", "{E219FF48-CB73-4A92-BAB3-33466E152493}"
EndProject
Project("{FAE04EC0-301F-11D3-BF4B-00C04F79EFBC}") = "SizeCurveGenerate", "SizeCurveGenerate\SizeCurveGenerate.csproj", "{DD7C1486-684A-4CB0-8958-4B0A0AC5B465}"
EndProject
Project("{FAE04EC0-301F-11D3-BF4B-00C04F79EFBC}") = "SizeDayToWeekSummary", "SizeDayToWeekSummary\SizeDayToWeekSummary.csproj", "{D3452DA3-386C-4E87-91E1-D1A15C09B8B8}"
EndProject
Project("{FAE04EC0-301F-11D3-BF4B-00C04F79EFBC}") = "BuildPackCriteriaLoad", "BuildPackCriteriaLoad\BuildPackCriteriaLoad.csproj", "{D5EFB044-C857-43A2-BB8A-BE03B18A098E}"
EndProject
Project("{FAE04EC0-301F-11D3-BF4B-00C04F79EFBC}") = "RelieveHeaders", "RelieveHeaders\RelieveHeaders.csproj", "{1CBED0F6-405A-442B-92E6-CEE9DB9EAD79}"
EndProject
Project("{FAE04EC0-301F-11D3-BF4B-00C04F79EFBC}") = "HeaderAllocationLoad", "HeaderAllocationLoad\HeaderAllocationLoad.csproj", "{D8C554DA-910D-48E6-9E1A-9125C87E1781}"
EndProject
Project("{FAE04EC0-301F-11D3-BF4B-00C04F79EFBC}") = "CreateEventSource", "CreateEventSource\CreateEventSource.csproj", "{450EB798-C584-4232-803A-33FD8567A226}"
EndProject
Project("{FAE04EC0-301F-11D3-BF4B-00C04F79EFBC}") = "MIDAdvInstaller", "MIDAdvInstaller\MIDAdvInstaller.csproj", "{EE22CD13-CBAC-421A-8078-25517DD81763}"
EndProject
Project("{FAE04EC0-301F-11D3-BF4B-00C04F79EFBC}") = "MIDEncryption", "Encryption\MIDEncryption.csproj", "{5E66518E-50F2-42EC-B525-1F6C42700379}"
EndProject
Project("{FAE04EC0-301F-11D3-BF4B-00C04F79EFBC}") = "DetermineHierarchyActivity", "DetermineHierarchyActivity\DetermineHierarchyActivity.csproj", "{1A63051B-D986-4C75-91C9-24975ACF6F5A}"
EndProject
Project("{FAE04EC0-301F-11D3-BF4B-00C04F79EFBC}") = "ReBuildIntransit", "ReBuildIntransit\ReBuildIntransit.csproj", "{4F2504C4-E606-4FC6-BB04-79BFCF91B76D}"
EndProject
Project("{FAE04EC0-301F-11D3-BF4B-00C04F79EFBC}") = "AutoUpgrade", "AutoUpgrade\AutoUpgrade.csproj", "{AEE1C909-8FDD-4E3F-9CB1-A382B7594D16}"
EndProject
Project("{FAE04EC0-301F-11D3-BF4B-00C04F79EFBC}") = "MIDRegExtract", "MIDRegExtract\MIDRegExtract.csproj", "{D3BE9D1F-E3E5-4D63-9A47-DECBDBA9DEEF}"
EndProject
Project("{FAE04EC0-301F-11D3-BF4B-00C04F79EFBC}") = "HierarchyReclass", "HierarchyReclass\HierarchyReclass.csproj", "{23528FB4-BCD8-4213-8DDD-E1344A1C5CF6}"
EndProject
Project("{FAE04EC0-301F-11D3-BF4B-00C04F79EFBC}") = "ChainSetPercentages", "ChainSetPercentages\ChainSetPercentages.csproj", "{D88DF008-0172-4967-B49A-10D961141F38}"
EndProject
Project("{FAE04EC0-301F-11D3-BF4B-00C04F79EFBC}") = "PushToBackStock", "PushToBackStock\PushToBackStock.csproj", "{FCB5594E-4156-4676-BBFF-2A1FC4581D20}"
EndProject
Project("{FAE04EC0-301F-11D3-BF4B-00C04F79EFBC}") = "DailyPercentages", "DailyPercentages\DailyPercentages.csproj", "{DF26A82A-0B66-4B3A-97A0-3CA727E693B9}"
EndProject
Project("{FAE04EC0-301F-11D3-BF4B-00C04F79EFBC}") = "StoreEligibility", "StoreEligibility\StoreEligibility.csproj", "{0F646C1C-E8CE-48B0-B172-3827C83CC429}"
EndProject
Project("{FAE04EC0-301F-11D3-BF4B-00C04F79EFBC}") = "VSWLoad", "VSWLoad\VSWLoad.csproj", "{AF036186-63A6-47EF-90BE-5E65E79B9182}"
EndProject
Project("{FAE04EC0-301F-11D3-BF4B-00C04F79EFBC}") = "StoreDeleteWin", "StoreDeleteWin\StoreDeleteWin.csproj", "{E22BD98D-CC23-4601-BC0E-27820C197EDA}"
EndProject
Project("{FAE04EC0-301F-11D3-BF4B-00C04F79EFBC}") = "UnitTesting", "UnitTesting\UnitTesting.csproj", "{263EED5E-052C-4BEE-BF74-B761DAB1415F}"
EndProject
Project("{FAE04EC0-301F-11D3-BF4B-00C04F79EFBC}") = "BatchOnlyMode", "BatchOnlyMode\BatchOnlyMode.csproj", "{148F163B-F8C6-434E-85BA-575971286E70}"
EndProject
Project("{FAE04EC0-301F-11D3-BF4B-00C04F79EFBC}") = "DisplayMessage", "DisplayMessage\DisplayMessage.csproj", "{2453F5CA-D04C-4FB1-B603-354609CF96F3}"
EndProject
Project("{FAE04EC0-301F-11D3-BF4B-00C04F79EFBC}") = "ServiceDebug.Control", "ServiceDebug\Control\ServiceDebug.Control.csproj", "{4D00EA77-5C1C-4C06-B72E-7C6AE4DCDCA6}"
EndProject
Project("{FAE04EC0-301F-11D3-BF4B-00C04F79EFBC}") = "HeaderReconcile", "HeaderReconcile\HeaderReconcile.csproj", "{9D701EB9-D887-4ECC-A3E8-FDE26636D488}"
EndProject
Project("{FAE04EC0-301F-11D3-BF4B-00C04F79EFBC}") = "BatchComp", "BatchComp\BatchComp.csproj", "{A8F69DAC-CC3D-429A-B9BC-75B76D869617}"
EndProject
Project("{2150E333-8FDC-42A3-9474-1A3956D46DE8}") = "Solution Items", "Solution Items", "{FA5EADC2-26D5-4A25-8A59-53CABCD1D062}"
EndProject
Project("{FAE04EC0-301F-11D3-BF4B-00C04F79EFBC}") = "UnitTestingControlProcessing", "UnitTestControlProcessing\UnitTestingControlProcessing.csproj", "{0F46D229-471F-441E-9154-13F68E7EAE84}"
EndProject
Project("{FAE04EC0-301F-11D3-BF4B-00C04F79EFBC}") = "SchedulerJobManager", "SchedulerJobManager\SchedulerJobManager.csproj", "{93475D7E-A224-41FA-A21B-0B037C715967}"
EndProject
Project("{FAE04EC0-301F-11D3-BF4B-00C04F79EFBC}") = "HierarchyLevelMaintenance", "HierarchyLevelMaintenance\HierarchyLevelMaintenance.csproj", "{06D3CCF6-506B-49A8-866E-190AAE3EC49F}"
EndProject
Project("{9A19103F-16F7-4668-BE54-9A1E7A4F7556}") = "DatabaseDefinitionROExtract", "DatabaseDefinitionROExtract\DatabaseDefinitionROExtract.csproj", "{737FD020-07AB-4586-A3C4-1F6928E66095}"
EndProject
Project("{FAE04EC0-301F-11D3-BF4B-00C04F79EFBC}") = "Service.Jobs", "Service.Jobs\Service.Jobs.csproj", "{3761670E-3741-406D-8C97-9E2ACA14FEB6}"
EndProject
Project("{FAE04EC0-301F-11D3-BF4B-00C04F79EFBC}") = "ROWeb", "ROWeb\ROWeb.csproj", "{3263B657-0F7D-422E-96FB-B28DF207DA3B}"
EndProject
Project("{FAE04EC0-301F-11D3-BF4B-00C04F79EFBC}") = "ROWebHost", "ROWebHost\ROWebHost.csproj", "{C7E94304-B0BF-4E8D-ACF1-67C459C42FDB}"
EndProject
Project("{FAE04EC0-301F-11D3-BF4B-00C04F79EFBC}") = "ROWebCommon", "ROWebCommon\ROWebCommon.csproj", "{86D7FE6B-6C39-4D29-9E6F-BC19D48B6D81}"
EndProject
Project("{FAE04EC0-301F-11D3-BF4B-00C04F79EFBC}") = "ROWebSharedTypes", "ROWebSharedTypes\ROWebSharedTypes.csproj", "{E1CF2528-F7A3-4AD1-B5A0-03869FD4A02B}"
EndProject
Project("{FAE04EC0-301F-11D3-BF4B-00C04F79EFBC}") = "Service.Jobs.Client", "Service.Jobs.Client\Service.Jobs.Client.csproj", "{EF5C87A8-65D8-45E5-9AD8-4DDC635E6B01}"
EndProject
Project("{FAE04EC0-301F-11D3-BF4B-00C04F79EFBC}") = "Service.Jobs.Interfaces", "Service.Jobs.Interfaces\Service.Jobs.Interfaces.csproj", "{D5BB0027-0F45-4624-8DDE-EC137E33FED9}"
EndProject
Project("{FAE04EC0-301F-11D3-BF4B-00C04F79EFBC}") = "ROUI", "ROUI\ROUI.csproj", "{938466D3-7F2C-4C44-9433-2BC59EE91EFA}"
EndProject
Project("{9A19103F-16F7-4668-BE54-9A1E7A4F7556}") = "UnregisteredDlls", "UnregisteredDlls\UnregisteredDlls.csproj", "{D9E13E89-3D96-44DE-8C1E-FB55D25AF3EB}"
EndProject
Global
	GlobalSection(SolutionConfigurationPlatforms) = preSolution
		Debug|Any CPU = Debug|Any CPU
		Debug|Mixed Platforms = Debug|Mixed Platforms
		Debug|x86 = Debug|x86
		Release|Any CPU = Release|Any CPU
		Release|Mixed Platforms = Release|Mixed Platforms
		Release|x86 = Release|x86
	EndGlobalSection
	GlobalSection(ProjectConfigurationPlatforms) = postSolution
		{6E25EB8E-DB77-46C4-A303-FE741437B677}.Debug|Any CPU.ActiveCfg = Debug|Any CPU
		{6E25EB8E-DB77-46C4-A303-FE741437B677}.Debug|Any CPU.Build.0 = Debug|Any CPU
		{6E25EB8E-DB77-46C4-A303-FE741437B677}.Debug|Mixed Platforms.ActiveCfg = Debug|Any CPU
		{6E25EB8E-DB77-46C4-A303-FE741437B677}.Debug|Mixed Platforms.Build.0 = Debug|Any CPU
		{6E25EB8E-DB77-46C4-A303-FE741437B677}.Debug|x86.ActiveCfg = Debug|x86
		{6E25EB8E-DB77-46C4-A303-FE741437B677}.Debug|x86.Build.0 = Debug|x86
		{6E25EB8E-DB77-46C4-A303-FE741437B677}.Release|Any CPU.ActiveCfg = Release|Any CPU
		{6E25EB8E-DB77-46C4-A303-FE741437B677}.Release|Any CPU.Build.0 = Release|Any CPU
		{6E25EB8E-DB77-46C4-A303-FE741437B677}.Release|Mixed Platforms.ActiveCfg = Release|Any CPU
		{6E25EB8E-DB77-46C4-A303-FE741437B677}.Release|Mixed Platforms.Build.0 = Release|Any CPU
		{6E25EB8E-DB77-46C4-A303-FE741437B677}.Release|x86.ActiveCfg = Release|x86
		{6E25EB8E-DB77-46C4-A303-FE741437B677}.Release|x86.Build.0 = Release|x86
		{0959C191-67B1-4997-B24A-3172BD1CAED5}.Debug|Any CPU.ActiveCfg = Debug|Any CPU
		{0959C191-67B1-4997-B24A-3172BD1CAED5}.Debug|Any CPU.Build.0 = Debug|Any CPU
		{0959C191-67B1-4997-B24A-3172BD1CAED5}.Debug|Mixed Platforms.ActiveCfg = Debug|Any CPU
		{0959C191-67B1-4997-B24A-3172BD1CAED5}.Debug|Mixed Platforms.Build.0 = Debug|Any CPU
		{0959C191-67B1-4997-B24A-3172BD1CAED5}.Debug|x86.ActiveCfg = Debug|x86
		{0959C191-67B1-4997-B24A-3172BD1CAED5}.Debug|x86.Build.0 = Debug|x86
		{0959C191-67B1-4997-B24A-3172BD1CAED5}.Release|Any CPU.ActiveCfg = Release|Any CPU
		{0959C191-67B1-4997-B24A-3172BD1CAED5}.Release|Any CPU.Build.0 = Release|Any CPU
		{0959C191-67B1-4997-B24A-3172BD1CAED5}.Release|Mixed Platforms.ActiveCfg = Release|Any CPU
		{0959C191-67B1-4997-B24A-3172BD1CAED5}.Release|Mixed Platforms.Build.0 = Release|Any CPU
		{0959C191-67B1-4997-B24A-3172BD1CAED5}.Release|x86.ActiveCfg = Release|x86
		{0959C191-67B1-4997-B24A-3172BD1CAED5}.Release|x86.Build.0 = Release|x86
		{934F0067-9BD4-4283-9580-F0B024C2D29D}.Debug|Any CPU.ActiveCfg = Debug|Any CPU
		{934F0067-9BD4-4283-9580-F0B024C2D29D}.Debug|Any CPU.Build.0 = Debug|Any CPU
		{934F0067-9BD4-4283-9580-F0B024C2D29D}.Debug|Mixed Platforms.ActiveCfg = Debug|Any CPU
		{934F0067-9BD4-4283-9580-F0B024C2D29D}.Debug|Mixed Platforms.Build.0 = Debug|Any CPU
		{934F0067-9BD4-4283-9580-F0B024C2D29D}.Debug|x86.ActiveCfg = Debug|x86
		{934F0067-9BD4-4283-9580-F0B024C2D29D}.Debug|x86.Build.0 = Debug|x86
		{934F0067-9BD4-4283-9580-F0B024C2D29D}.Release|Any CPU.ActiveCfg = Release|Any CPU
		{934F0067-9BD4-4283-9580-F0B024C2D29D}.Release|Any CPU.Build.0 = Release|Any CPU
		{934F0067-9BD4-4283-9580-F0B024C2D29D}.Release|Mixed Platforms.ActiveCfg = Release|Any CPU
		{934F0067-9BD4-4283-9580-F0B024C2D29D}.Release|Mixed Platforms.Build.0 = Release|Any CPU
		{934F0067-9BD4-4283-9580-F0B024C2D29D}.Release|x86.ActiveCfg = Release|x86
		{934F0067-9BD4-4283-9580-F0B024C2D29D}.Release|x86.Build.0 = Release|x86
		{7FC69763-3726-4D86-A68A-B92FE1815CC6}.Debug|Any CPU.ActiveCfg = Debug|Any CPU
		{7FC69763-3726-4D86-A68A-B92FE1815CC6}.Debug|Any CPU.Build.0 = Debug|Any CPU
		{7FC69763-3726-4D86-A68A-B92FE1815CC6}.Debug|Mixed Platforms.ActiveCfg = Debug|Any CPU
		{7FC69763-3726-4D86-A68A-B92FE1815CC6}.Debug|Mixed Platforms.Build.0 = Debug|Any CPU
		{7FC69763-3726-4D86-A68A-B92FE1815CC6}.Debug|x86.ActiveCfg = Debug|x86
		{7FC69763-3726-4D86-A68A-B92FE1815CC6}.Debug|x86.Build.0 = Debug|x86
		{7FC69763-3726-4D86-A68A-B92FE1815CC6}.Release|Any CPU.ActiveCfg = Release|Any CPU
		{7FC69763-3726-4D86-A68A-B92FE1815CC6}.Release|Any CPU.Build.0 = Release|Any CPU
		{7FC69763-3726-4D86-A68A-B92FE1815CC6}.Release|Mixed Platforms.ActiveCfg = Release|Any CPU
		{7FC69763-3726-4D86-A68A-B92FE1815CC6}.Release|Mixed Platforms.Build.0 = Release|Any CPU
		{7FC69763-3726-4D86-A68A-B92FE1815CC6}.Release|x86.ActiveCfg = Release|x86
		{7FC69763-3726-4D86-A68A-B92FE1815CC6}.Release|x86.Build.0 = Release|x86
		{BC3ABAD0-6C39-4385-8229-850E87DD22D0}.Debug|Any CPU.ActiveCfg = Debug|Any CPU
		{BC3ABAD0-6C39-4385-8229-850E87DD22D0}.Debug|Any CPU.Build.0 = Debug|Any CPU
		{BC3ABAD0-6C39-4385-8229-850E87DD22D0}.Debug|Mixed Platforms.ActiveCfg = Debug|Any CPU
		{BC3ABAD0-6C39-4385-8229-850E87DD22D0}.Debug|Mixed Platforms.Build.0 = Debug|Any CPU
		{BC3ABAD0-6C39-4385-8229-850E87DD22D0}.Debug|x86.ActiveCfg = Debug|x86
		{BC3ABAD0-6C39-4385-8229-850E87DD22D0}.Debug|x86.Build.0 = Debug|x86
		{BC3ABAD0-6C39-4385-8229-850E87DD22D0}.Release|Any CPU.ActiveCfg = Release|Any CPU
		{BC3ABAD0-6C39-4385-8229-850E87DD22D0}.Release|Any CPU.Build.0 = Release|Any CPU
		{BC3ABAD0-6C39-4385-8229-850E87DD22D0}.Release|Mixed Platforms.ActiveCfg = Release|Any CPU
		{BC3ABAD0-6C39-4385-8229-850E87DD22D0}.Release|Mixed Platforms.Build.0 = Release|Any CPU
		{BC3ABAD0-6C39-4385-8229-850E87DD22D0}.Release|x86.ActiveCfg = Release|x86
		{BC3ABAD0-6C39-4385-8229-850E87DD22D0}.Release|x86.Build.0 = Release|x86
		{C589F61C-B85C-4E2F-BBB6-9B250AD08124}.Debug|Any CPU.ActiveCfg = Debug|Any CPU
		{C589F61C-B85C-4E2F-BBB6-9B250AD08124}.Debug|Any CPU.Build.0 = Debug|Any CPU
		{C589F61C-B85C-4E2F-BBB6-9B250AD08124}.Debug|Mixed Platforms.ActiveCfg = Debug|Any CPU
		{C589F61C-B85C-4E2F-BBB6-9B250AD08124}.Debug|Mixed Platforms.Build.0 = Debug|Any CPU
		{C589F61C-B85C-4E2F-BBB6-9B250AD08124}.Debug|x86.ActiveCfg = Debug|x86
		{C589F61C-B85C-4E2F-BBB6-9B250AD08124}.Debug|x86.Build.0 = Debug|x86
		{C589F61C-B85C-4E2F-BBB6-9B250AD08124}.Release|Any CPU.ActiveCfg = Release|Any CPU
		{C589F61C-B85C-4E2F-BBB6-9B250AD08124}.Release|Any CPU.Build.0 = Release|Any CPU
		{C589F61C-B85C-4E2F-BBB6-9B250AD08124}.Release|Mixed Platforms.ActiveCfg = Release|Any CPU
		{C589F61C-B85C-4E2F-BBB6-9B250AD08124}.Release|Mixed Platforms.Build.0 = Release|Any CPU
		{C589F61C-B85C-4E2F-BBB6-9B250AD08124}.Release|x86.ActiveCfg = Release|x86
		{C589F61C-B85C-4E2F-BBB6-9B250AD08124}.Release|x86.Build.0 = Release|x86
		{90D34E6E-6872-4531-8283-F9A7450C4BAF}.Debug|Any CPU.ActiveCfg = Debug|Any CPU
		{90D34E6E-6872-4531-8283-F9A7450C4BAF}.Debug|Any CPU.Build.0 = Debug|Any CPU
		{90D34E6E-6872-4531-8283-F9A7450C4BAF}.Debug|Mixed Platforms.ActiveCfg = Debug|Any CPU
		{90D34E6E-6872-4531-8283-F9A7450C4BAF}.Debug|Mixed Platforms.Build.0 = Debug|Any CPU
		{90D34E6E-6872-4531-8283-F9A7450C4BAF}.Debug|x86.ActiveCfg = Debug|x86
		{90D34E6E-6872-4531-8283-F9A7450C4BAF}.Debug|x86.Build.0 = Debug|x86
		{90D34E6E-6872-4531-8283-F9A7450C4BAF}.Release|Any CPU.ActiveCfg = Release|Any CPU
		{90D34E6E-6872-4531-8283-F9A7450C4BAF}.Release|Any CPU.Build.0 = Release|Any CPU
		{90D34E6E-6872-4531-8283-F9A7450C4BAF}.Release|Mixed Platforms.ActiveCfg = Release|Any CPU
		{90D34E6E-6872-4531-8283-F9A7450C4BAF}.Release|Mixed Platforms.Build.0 = Release|Any CPU
		{90D34E6E-6872-4531-8283-F9A7450C4BAF}.Release|x86.ActiveCfg = Release|x86
		{90D34E6E-6872-4531-8283-F9A7450C4BAF}.Release|x86.Build.0 = Release|x86
		{5B146E3C-D128-4E30-848B-11EC169EE874}.Debug|Any CPU.ActiveCfg = Debug|Any CPU
		{5B146E3C-D128-4E30-848B-11EC169EE874}.Debug|Any CPU.Build.0 = Debug|Any CPU
		{5B146E3C-D128-4E30-848B-11EC169EE874}.Debug|Mixed Platforms.ActiveCfg = Debug|Any CPU
		{5B146E3C-D128-4E30-848B-11EC169EE874}.Debug|x86.ActiveCfg = Debug|x86
		{5B146E3C-D128-4E30-848B-11EC169EE874}.Debug|x86.Build.0 = Debug|x86
		{5B146E3C-D128-4E30-848B-11EC169EE874}.Release|Any CPU.ActiveCfg = Release|Any CPU
		{5B146E3C-D128-4E30-848B-11EC169EE874}.Release|Any CPU.Build.0 = Release|Any CPU
		{5B146E3C-D128-4E30-848B-11EC169EE874}.Release|Mixed Platforms.ActiveCfg = Release|Any CPU
		{5B146E3C-D128-4E30-848B-11EC169EE874}.Release|x86.ActiveCfg = Release|x86
		{5B146E3C-D128-4E30-848B-11EC169EE874}.Release|x86.Build.0 = Release|x86
		{F33FC337-30FC-409C-898D-DF39A2016B6B}.Debug|Any CPU.ActiveCfg = Debug|Any CPU
		{F33FC337-30FC-409C-898D-DF39A2016B6B}.Debug|Any CPU.Build.0 = Debug|Any CPU
		{F33FC337-30FC-409C-898D-DF39A2016B6B}.Debug|Mixed Platforms.ActiveCfg = Debug|Any CPU
		{F33FC337-30FC-409C-898D-DF39A2016B6B}.Debug|Mixed Platforms.Build.0 = Debug|Any CPU
		{F33FC337-30FC-409C-898D-DF39A2016B6B}.Debug|x86.ActiveCfg = Debug|x86
		{F33FC337-30FC-409C-898D-DF39A2016B6B}.Debug|x86.Build.0 = Debug|x86
		{F33FC337-30FC-409C-898D-DF39A2016B6B}.Release|Any CPU.ActiveCfg = Release|Any CPU
		{F33FC337-30FC-409C-898D-DF39A2016B6B}.Release|Any CPU.Build.0 = Release|Any CPU
		{F33FC337-30FC-409C-898D-DF39A2016B6B}.Release|Mixed Platforms.ActiveCfg = Release|Any CPU
		{F33FC337-30FC-409C-898D-DF39A2016B6B}.Release|Mixed Platforms.Build.0 = Release|Any CPU
		{F33FC337-30FC-409C-898D-DF39A2016B6B}.Release|x86.ActiveCfg = Release|x86
		{F33FC337-30FC-409C-898D-DF39A2016B6B}.Release|x86.Build.0 = Release|x86
		{F638A41B-346D-461E-A92E-F3945CA97E69}.Debug|Any CPU.ActiveCfg = Debug|Any CPU
		{F638A41B-346D-461E-A92E-F3945CA97E69}.Debug|Any CPU.Build.0 = Debug|Any CPU
		{F638A41B-346D-461E-A92E-F3945CA97E69}.Debug|Mixed Platforms.ActiveCfg = Debug|Any CPU
		{F638A41B-346D-461E-A92E-F3945CA97E69}.Debug|Mixed Platforms.Build.0 = Debug|Any CPU
		{F638A41B-346D-461E-A92E-F3945CA97E69}.Debug|x86.ActiveCfg = Debug|x86
		{F638A41B-346D-461E-A92E-F3945CA97E69}.Debug|x86.Build.0 = Debug|x86
		{F638A41B-346D-461E-A92E-F3945CA97E69}.Release|Any CPU.ActiveCfg = Release|Any CPU
		{F638A41B-346D-461E-A92E-F3945CA97E69}.Release|Any CPU.Build.0 = Release|Any CPU
		{F638A41B-346D-461E-A92E-F3945CA97E69}.Release|Mixed Platforms.ActiveCfg = Release|Any CPU
		{F638A41B-346D-461E-A92E-F3945CA97E69}.Release|Mixed Platforms.Build.0 = Release|Any CPU
		{F638A41B-346D-461E-A92E-F3945CA97E69}.Release|x86.ActiveCfg = Release|x86
		{F638A41B-346D-461E-A92E-F3945CA97E69}.Release|x86.Build.0 = Release|x86
		{6FA76943-D1B2-4745-8576-41AD3041CAD9}.Debug|Any CPU.ActiveCfg = Debug|Any CPU
		{6FA76943-D1B2-4745-8576-41AD3041CAD9}.Debug|Mixed Platforms.ActiveCfg = Debug|Any CPU
		{6FA76943-D1B2-4745-8576-41AD3041CAD9}.Debug|x86.ActiveCfg = Debug|x86
		{6FA76943-D1B2-4745-8576-41AD3041CAD9}.Debug|x86.Build.0 = Debug|x86
		{6FA76943-D1B2-4745-8576-41AD3041CAD9}.Release|Any CPU.ActiveCfg = Release|Any CPU
		{6FA76943-D1B2-4745-8576-41AD3041CAD9}.Release|Mixed Platforms.ActiveCfg = Release|Any CPU
		{6FA76943-D1B2-4745-8576-41AD3041CAD9}.Release|x86.ActiveCfg = Release|x86
		{6FA76943-D1B2-4745-8576-41AD3041CAD9}.Release|x86.Build.0 = Release|x86
		{92B63DEF-A762-4048-8B5A-A94324A2A50E}.Debug|Any CPU.ActiveCfg = Debug|Any CPU
		{92B63DEF-A762-4048-8B5A-A94324A2A50E}.Debug|Any CPU.Build.0 = Debug|Any CPU
		{92B63DEF-A762-4048-8B5A-A94324A2A50E}.Debug|Mixed Platforms.ActiveCfg = Debug|Any CPU
		{92B63DEF-A762-4048-8B5A-A94324A2A50E}.Debug|Mixed Platforms.Build.0 = Debug|Any CPU
		{92B63DEF-A762-4048-8B5A-A94324A2A50E}.Debug|x86.ActiveCfg = Debug|x86
		{92B63DEF-A762-4048-8B5A-A94324A2A50E}.Debug|x86.Build.0 = Debug|x86
		{92B63DEF-A762-4048-8B5A-A94324A2A50E}.Release|Any CPU.ActiveCfg = Release|Any CPU
		{92B63DEF-A762-4048-8B5A-A94324A2A50E}.Release|Any CPU.Build.0 = Release|Any CPU
		{92B63DEF-A762-4048-8B5A-A94324A2A50E}.Release|Mixed Platforms.ActiveCfg = Release|Any CPU
		{92B63DEF-A762-4048-8B5A-A94324A2A50E}.Release|Mixed Platforms.Build.0 = Release|Any CPU
		{92B63DEF-A762-4048-8B5A-A94324A2A50E}.Release|x86.ActiveCfg = Release|x86
		{92B63DEF-A762-4048-8B5A-A94324A2A50E}.Release|x86.Build.0 = Release|x86
		{1625E465-6052-489C-BB89-9494A636EBFE}.Debug|Any CPU.ActiveCfg = Debug|Any CPU
		{1625E465-6052-489C-BB89-9494A636EBFE}.Debug|Any CPU.Build.0 = Debug|Any CPU
		{1625E465-6052-489C-BB89-9494A636EBFE}.Debug|Mixed Platforms.ActiveCfg = Debug|Any CPU
		{1625E465-6052-489C-BB89-9494A636EBFE}.Debug|Mixed Platforms.Build.0 = Debug|Any CPU
		{1625E465-6052-489C-BB89-9494A636EBFE}.Debug|x86.ActiveCfg = Debug|x86
		{1625E465-6052-489C-BB89-9494A636EBFE}.Debug|x86.Build.0 = Debug|x86
		{1625E465-6052-489C-BB89-9494A636EBFE}.Release|Any CPU.ActiveCfg = Release|Any CPU
		{1625E465-6052-489C-BB89-9494A636EBFE}.Release|Any CPU.Build.0 = Release|Any CPU
		{1625E465-6052-489C-BB89-9494A636EBFE}.Release|Mixed Platforms.ActiveCfg = Release|Any CPU
		{1625E465-6052-489C-BB89-9494A636EBFE}.Release|Mixed Platforms.Build.0 = Release|Any CPU
		{1625E465-6052-489C-BB89-9494A636EBFE}.Release|x86.ActiveCfg = Release|x86
		{1625E465-6052-489C-BB89-9494A636EBFE}.Release|x86.Build.0 = Release|x86
		{920ED763-2939-49B0-8986-8D15180422ED}.Debug|Any CPU.ActiveCfg = Debug|Any CPU
		{920ED763-2939-49B0-8986-8D15180422ED}.Debug|Any CPU.Build.0 = Debug|Any CPU
		{920ED763-2939-49B0-8986-8D15180422ED}.Debug|Mixed Platforms.ActiveCfg = Debug|Any CPU
		{920ED763-2939-49B0-8986-8D15180422ED}.Debug|Mixed Platforms.Build.0 = Debug|Any CPU
		{920ED763-2939-49B0-8986-8D15180422ED}.Debug|x86.ActiveCfg = Debug|x86
		{920ED763-2939-49B0-8986-8D15180422ED}.Debug|x86.Build.0 = Debug|x86
		{920ED763-2939-49B0-8986-8D15180422ED}.Release|Any CPU.ActiveCfg = Release|Any CPU
		{920ED763-2939-49B0-8986-8D15180422ED}.Release|Any CPU.Build.0 = Release|Any CPU
		{920ED763-2939-49B0-8986-8D15180422ED}.Release|Mixed Platforms.ActiveCfg = Release|Any CPU
		{920ED763-2939-49B0-8986-8D15180422ED}.Release|Mixed Platforms.Build.0 = Release|Any CPU
		{920ED763-2939-49B0-8986-8D15180422ED}.Release|x86.ActiveCfg = Release|x86
		{920ED763-2939-49B0-8986-8D15180422ED}.Release|x86.Build.0 = Release|x86
		{7E254FD2-AC07-48CB-9D43-BCAF475C10ED}.Debug|Any CPU.ActiveCfg = Debug|Any CPU
		{7E254FD2-AC07-48CB-9D43-BCAF475C10ED}.Debug|Any CPU.Build.0 = Debug|Any CPU
		{7E254FD2-AC07-48CB-9D43-BCAF475C10ED}.Debug|Mixed Platforms.ActiveCfg = Debug|Any CPU
		{7E254FD2-AC07-48CB-9D43-BCAF475C10ED}.Debug|Mixed Platforms.Build.0 = Debug|Any CPU
		{7E254FD2-AC07-48CB-9D43-BCAF475C10ED}.Debug|x86.ActiveCfg = Debug|x86
		{7E254FD2-AC07-48CB-9D43-BCAF475C10ED}.Debug|x86.Build.0 = Debug|x86
		{7E254FD2-AC07-48CB-9D43-BCAF475C10ED}.Release|Any CPU.ActiveCfg = Release|Any CPU
		{7E254FD2-AC07-48CB-9D43-BCAF475C10ED}.Release|Any CPU.Build.0 = Release|Any CPU
		{7E254FD2-AC07-48CB-9D43-BCAF475C10ED}.Release|Mixed Platforms.ActiveCfg = Release|Any CPU
		{7E254FD2-AC07-48CB-9D43-BCAF475C10ED}.Release|Mixed Platforms.Build.0 = Release|Any CPU
		{7E254FD2-AC07-48CB-9D43-BCAF475C10ED}.Release|x86.ActiveCfg = Release|x86
		{7E254FD2-AC07-48CB-9D43-BCAF475C10ED}.Release|x86.Build.0 = Release|x86
		{E02B76F3-86DE-4E4E-95BE-4A64F57EA626}.Debug|Any CPU.ActiveCfg = Debug|Any CPU
		{E02B76F3-86DE-4E4E-95BE-4A64F57EA626}.Debug|Any CPU.Build.0 = Debug|Any CPU
		{E02B76F3-86DE-4E4E-95BE-4A64F57EA626}.Debug|Mixed Platforms.ActiveCfg = Debug|Any CPU
		{E02B76F3-86DE-4E4E-95BE-4A64F57EA626}.Debug|Mixed Platforms.Build.0 = Debug|Any CPU
		{E02B76F3-86DE-4E4E-95BE-4A64F57EA626}.Debug|x86.ActiveCfg = Debug|x86
		{E02B76F3-86DE-4E4E-95BE-4A64F57EA626}.Debug|x86.Build.0 = Debug|x86
		{E02B76F3-86DE-4E4E-95BE-4A64F57EA626}.Release|Any CPU.ActiveCfg = Release|Any CPU
		{E02B76F3-86DE-4E4E-95BE-4A64F57EA626}.Release|Any CPU.Build.0 = Release|Any CPU
		{E02B76F3-86DE-4E4E-95BE-4A64F57EA626}.Release|Mixed Platforms.ActiveCfg = Release|Any CPU
		{E02B76F3-86DE-4E4E-95BE-4A64F57EA626}.Release|Mixed Platforms.Build.0 = Release|Any CPU
		{E02B76F3-86DE-4E4E-95BE-4A64F57EA626}.Release|x86.ActiveCfg = Release|x86
		{E02B76F3-86DE-4E4E-95BE-4A64F57EA626}.Release|x86.Build.0 = Release|x86
		{CEF3FB6A-EAF0-4893-9348-E0AB4B679A6C}.Debug|Any CPU.ActiveCfg = Debug|Any CPU
		{CEF3FB6A-EAF0-4893-9348-E0AB4B679A6C}.Debug|Any CPU.Build.0 = Debug|Any CPU
		{CEF3FB6A-EAF0-4893-9348-E0AB4B679A6C}.Debug|Mixed Platforms.ActiveCfg = Debug|Any CPU
		{CEF3FB6A-EAF0-4893-9348-E0AB4B679A6C}.Debug|Mixed Platforms.Build.0 = Debug|Any CPU
		{CEF3FB6A-EAF0-4893-9348-E0AB4B679A6C}.Debug|x86.ActiveCfg = Debug|x86
		{CEF3FB6A-EAF0-4893-9348-E0AB4B679A6C}.Debug|x86.Build.0 = Debug|x86
		{CEF3FB6A-EAF0-4893-9348-E0AB4B679A6C}.Release|Any CPU.ActiveCfg = Release|Any CPU
		{CEF3FB6A-EAF0-4893-9348-E0AB4B679A6C}.Release|Any CPU.Build.0 = Release|Any CPU
		{CEF3FB6A-EAF0-4893-9348-E0AB4B679A6C}.Release|Mixed Platforms.ActiveCfg = Release|Any CPU
		{CEF3FB6A-EAF0-4893-9348-E0AB4B679A6C}.Release|Mixed Platforms.Build.0 = Release|Any CPU
		{CEF3FB6A-EAF0-4893-9348-E0AB4B679A6C}.Release|x86.ActiveCfg = Release|x86
		{CEF3FB6A-EAF0-4893-9348-E0AB4B679A6C}.Release|x86.Build.0 = Release|x86
		{64CDF322-BEA2-4BD8-AD8D-5A3DE1458E69}.Debug|Any CPU.ActiveCfg = Debug|Any CPU
		{64CDF322-BEA2-4BD8-AD8D-5A3DE1458E69}.Debug|Any CPU.Build.0 = Debug|Any CPU
		{64CDF322-BEA2-4BD8-AD8D-5A3DE1458E69}.Debug|Mixed Platforms.ActiveCfg = Debug|Any CPU
		{64CDF322-BEA2-4BD8-AD8D-5A3DE1458E69}.Debug|Mixed Platforms.Build.0 = Debug|Any CPU
		{64CDF322-BEA2-4BD8-AD8D-5A3DE1458E69}.Debug|x86.ActiveCfg = Debug|x86
		{64CDF322-BEA2-4BD8-AD8D-5A3DE1458E69}.Debug|x86.Build.0 = Debug|x86
		{64CDF322-BEA2-4BD8-AD8D-5A3DE1458E69}.Release|Any CPU.ActiveCfg = Release|Any CPU
		{64CDF322-BEA2-4BD8-AD8D-5A3DE1458E69}.Release|Any CPU.Build.0 = Release|Any CPU
		{64CDF322-BEA2-4BD8-AD8D-5A3DE1458E69}.Release|Mixed Platforms.ActiveCfg = Release|Any CPU
		{64CDF322-BEA2-4BD8-AD8D-5A3DE1458E69}.Release|Mixed Platforms.Build.0 = Release|Any CPU
		{64CDF322-BEA2-4BD8-AD8D-5A3DE1458E69}.Release|x86.ActiveCfg = Release|x86
		{64CDF322-BEA2-4BD8-AD8D-5A3DE1458E69}.Release|x86.Build.0 = Release|x86
		{53A846A8-A763-4078-90F6-6E0A2EF29EA0}.Debug|Any CPU.ActiveCfg = Debug|Any CPU
		{53A846A8-A763-4078-90F6-6E0A2EF29EA0}.Debug|Any CPU.Build.0 = Debug|Any CPU
		{53A846A8-A763-4078-90F6-6E0A2EF29EA0}.Debug|Mixed Platforms.ActiveCfg = Debug|Any CPU
		{53A846A8-A763-4078-90F6-6E0A2EF29EA0}.Debug|Mixed Platforms.Build.0 = Debug|Any CPU
		{53A846A8-A763-4078-90F6-6E0A2EF29EA0}.Debug|x86.ActiveCfg = Debug|x86
		{53A846A8-A763-4078-90F6-6E0A2EF29EA0}.Debug|x86.Build.0 = Debug|x86
		{53A846A8-A763-4078-90F6-6E0A2EF29EA0}.Release|Any CPU.ActiveCfg = Release|Any CPU
		{53A846A8-A763-4078-90F6-6E0A2EF29EA0}.Release|Any CPU.Build.0 = Release|Any CPU
		{53A846A8-A763-4078-90F6-6E0A2EF29EA0}.Release|Mixed Platforms.ActiveCfg = Release|Any CPU
		{53A846A8-A763-4078-90F6-6E0A2EF29EA0}.Release|Mixed Platforms.Build.0 = Release|Any CPU
		{53A846A8-A763-4078-90F6-6E0A2EF29EA0}.Release|x86.ActiveCfg = Release|x86
		{53A846A8-A763-4078-90F6-6E0A2EF29EA0}.Release|x86.Build.0 = Release|x86
		{A91C6280-FFCF-4EDC-A6AA-6ECE9A36DDF7}.Debug|Any CPU.ActiveCfg = Debug|Any CPU
		{A91C6280-FFCF-4EDC-A6AA-6ECE9A36DDF7}.Debug|Any CPU.Build.0 = Debug|Any CPU
		{A91C6280-FFCF-4EDC-A6AA-6ECE9A36DDF7}.Debug|Mixed Platforms.ActiveCfg = Debug|Any CPU
		{A91C6280-FFCF-4EDC-A6AA-6ECE9A36DDF7}.Debug|Mixed Platforms.Build.0 = Debug|Any CPU
		{A91C6280-FFCF-4EDC-A6AA-6ECE9A36DDF7}.Debug|x86.ActiveCfg = Debug|x86
		{A91C6280-FFCF-4EDC-A6AA-6ECE9A36DDF7}.Debug|x86.Build.0 = Debug|x86
		{A91C6280-FFCF-4EDC-A6AA-6ECE9A36DDF7}.Release|Any CPU.ActiveCfg = Release|Any CPU
		{A91C6280-FFCF-4EDC-A6AA-6ECE9A36DDF7}.Release|Any CPU.Build.0 = Release|Any CPU
		{A91C6280-FFCF-4EDC-A6AA-6ECE9A36DDF7}.Release|Mixed Platforms.ActiveCfg = Release|Any CPU
		{A91C6280-FFCF-4EDC-A6AA-6ECE9A36DDF7}.Release|Mixed Platforms.Build.0 = Release|Any CPU
		{A91C6280-FFCF-4EDC-A6AA-6ECE9A36DDF7}.Release|x86.ActiveCfg = Release|x86
		{A91C6280-FFCF-4EDC-A6AA-6ECE9A36DDF7}.Release|x86.Build.0 = Release|x86
		{0EFEACAF-8F35-4CBE-BC18-9A9DB7B8A71F}.Debug|Any CPU.ActiveCfg = Debug|Any CPU
		{0EFEACAF-8F35-4CBE-BC18-9A9DB7B8A71F}.Debug|Any CPU.Build.0 = Debug|Any CPU
		{0EFEACAF-8F35-4CBE-BC18-9A9DB7B8A71F}.Debug|Mixed Platforms.ActiveCfg = Debug|Any CPU
		{0EFEACAF-8F35-4CBE-BC18-9A9DB7B8A71F}.Debug|Mixed Platforms.Build.0 = Debug|Any CPU
		{0EFEACAF-8F35-4CBE-BC18-9A9DB7B8A71F}.Debug|x86.ActiveCfg = Debug|x86
		{0EFEACAF-8F35-4CBE-BC18-9A9DB7B8A71F}.Debug|x86.Build.0 = Debug|x86
		{0EFEACAF-8F35-4CBE-BC18-9A9DB7B8A71F}.Release|Any CPU.ActiveCfg = Release|Any CPU
		{0EFEACAF-8F35-4CBE-BC18-9A9DB7B8A71F}.Release|Any CPU.Build.0 = Release|Any CPU
		{0EFEACAF-8F35-4CBE-BC18-9A9DB7B8A71F}.Release|Mixed Platforms.ActiveCfg = Release|Any CPU
		{0EFEACAF-8F35-4CBE-BC18-9A9DB7B8A71F}.Release|Mixed Platforms.Build.0 = Release|Any CPU
		{0EFEACAF-8F35-4CBE-BC18-9A9DB7B8A71F}.Release|x86.ActiveCfg = Release|x86
		{0EFEACAF-8F35-4CBE-BC18-9A9DB7B8A71F}.Release|x86.Build.0 = Release|x86
		{A4CEA989-5FA9-48B9-A33E-092C61C39DEC}.Debug|Any CPU.ActiveCfg = Debug|Any CPU
		{A4CEA989-5FA9-48B9-A33E-092C61C39DEC}.Debug|Any CPU.Build.0 = Debug|Any CPU
		{A4CEA989-5FA9-48B9-A33E-092C61C39DEC}.Debug|Mixed Platforms.ActiveCfg = Debug|Any CPU
		{A4CEA989-5FA9-48B9-A33E-092C61C39DEC}.Debug|Mixed Platforms.Build.0 = Debug|Any CPU
		{A4CEA989-5FA9-48B9-A33E-092C61C39DEC}.Debug|x86.ActiveCfg = Debug|x86
		{A4CEA989-5FA9-48B9-A33E-092C61C39DEC}.Debug|x86.Build.0 = Debug|x86
		{A4CEA989-5FA9-48B9-A33E-092C61C39DEC}.Release|Any CPU.ActiveCfg = Release|Any CPU
		{A4CEA989-5FA9-48B9-A33E-092C61C39DEC}.Release|Any CPU.Build.0 = Release|Any CPU
		{A4CEA989-5FA9-48B9-A33E-092C61C39DEC}.Release|Mixed Platforms.ActiveCfg = Release|Any CPU
		{A4CEA989-5FA9-48B9-A33E-092C61C39DEC}.Release|Mixed Platforms.Build.0 = Release|Any CPU
		{A4CEA989-5FA9-48B9-A33E-092C61C39DEC}.Release|x86.ActiveCfg = Release|x86
		{A4CEA989-5FA9-48B9-A33E-092C61C39DEC}.Release|x86.Build.0 = Release|x86
		{D8757A2D-A026-4100-8BB8-F817E86CB9D9}.Debug|Any CPU.ActiveCfg = Debug|Any CPU
		{D8757A2D-A026-4100-8BB8-F817E86CB9D9}.Debug|Any CPU.Build.0 = Debug|Any CPU
		{D8757A2D-A026-4100-8BB8-F817E86CB9D9}.Debug|Mixed Platforms.ActiveCfg = Debug|Any CPU
		{D8757A2D-A026-4100-8BB8-F817E86CB9D9}.Debug|Mixed Platforms.Build.0 = Debug|Any CPU
		{D8757A2D-A026-4100-8BB8-F817E86CB9D9}.Debug|x86.ActiveCfg = Debug|x86
		{D8757A2D-A026-4100-8BB8-F817E86CB9D9}.Debug|x86.Build.0 = Debug|x86
		{D8757A2D-A026-4100-8BB8-F817E86CB9D9}.Release|Any CPU.ActiveCfg = Release|Any CPU
		{D8757A2D-A026-4100-8BB8-F817E86CB9D9}.Release|Any CPU.Build.0 = Release|Any CPU
		{D8757A2D-A026-4100-8BB8-F817E86CB9D9}.Release|Mixed Platforms.ActiveCfg = Release|Any CPU
		{D8757A2D-A026-4100-8BB8-F817E86CB9D9}.Release|Mixed Platforms.Build.0 = Release|Any CPU
		{D8757A2D-A026-4100-8BB8-F817E86CB9D9}.Release|x86.ActiveCfg = Release|x86
		{D8757A2D-A026-4100-8BB8-F817E86CB9D9}.Release|x86.Build.0 = Release|x86
		{D9A20E2C-8E39-4FA7-9345-643EEFFA8E6E}.Debug|Any CPU.ActiveCfg = Debug|Any CPU
		{D9A20E2C-8E39-4FA7-9345-643EEFFA8E6E}.Debug|Mixed Platforms.ActiveCfg = Debug|Any CPU
		{D9A20E2C-8E39-4FA7-9345-643EEFFA8E6E}.Debug|x86.ActiveCfg = Debug|x86
		{D9A20E2C-8E39-4FA7-9345-643EEFFA8E6E}.Debug|x86.Build.0 = Debug|x86
		{D9A20E2C-8E39-4FA7-9345-643EEFFA8E6E}.Release|Any CPU.ActiveCfg = Release|Any CPU
		{D9A20E2C-8E39-4FA7-9345-643EEFFA8E6E}.Release|Mixed Platforms.ActiveCfg = Release|Any CPU
		{D9A20E2C-8E39-4FA7-9345-643EEFFA8E6E}.Release|x86.ActiveCfg = Release|x86
		{D9A20E2C-8E39-4FA7-9345-643EEFFA8E6E}.Release|x86.Build.0 = Release|x86
		{324CCBF9-1FB5-4499-A590-82AE84B6D265}.Debug|Any CPU.ActiveCfg = Debug|Any CPU
		{324CCBF9-1FB5-4499-A590-82AE84B6D265}.Debug|Mixed Platforms.ActiveCfg = Debug|Any CPU
		{324CCBF9-1FB5-4499-A590-82AE84B6D265}.Debug|x86.ActiveCfg = Debug|x86
		{324CCBF9-1FB5-4499-A590-82AE84B6D265}.Debug|x86.Build.0 = Debug|x86
		{324CCBF9-1FB5-4499-A590-82AE84B6D265}.Release|Any CPU.ActiveCfg = Release|Any CPU
		{324CCBF9-1FB5-4499-A590-82AE84B6D265}.Release|Mixed Platforms.ActiveCfg = Release|Any CPU
		{324CCBF9-1FB5-4499-A590-82AE84B6D265}.Release|x86.ActiveCfg = Release|x86
		{324CCBF9-1FB5-4499-A590-82AE84B6D265}.Release|x86.Build.0 = Release|x86
		{F41D720C-6908-4567-AA41-1BF9285017B6}.Debug|Any CPU.ActiveCfg = Debug|Any CPU
		{F41D720C-6908-4567-AA41-1BF9285017B6}.Debug|Mixed Platforms.ActiveCfg = Debug|Any CPU
		{F41D720C-6908-4567-AA41-1BF9285017B6}.Debug|x86.ActiveCfg = Debug|x86
		{F41D720C-6908-4567-AA41-1BF9285017B6}.Debug|x86.Build.0 = Debug|x86
		{F41D720C-6908-4567-AA41-1BF9285017B6}.Release|Any CPU.ActiveCfg = Release|Any CPU
		{F41D720C-6908-4567-AA41-1BF9285017B6}.Release|Mixed Platforms.ActiveCfg = Release|Any CPU
		{F41D720C-6908-4567-AA41-1BF9285017B6}.Release|x86.ActiveCfg = Release|x86
		{F41D720C-6908-4567-AA41-1BF9285017B6}.Release|x86.Build.0 = Release|x86
		{82870428-BDFA-4C46-8FF2-E9F0B2850A16}.Debug|Any CPU.ActiveCfg = Debug|Any CPU
		{82870428-BDFA-4C46-8FF2-E9F0B2850A16}.Debug|Any CPU.Build.0 = Debug|Any CPU
		{82870428-BDFA-4C46-8FF2-E9F0B2850A16}.Debug|Mixed Platforms.ActiveCfg = Debug|Any CPU
		{82870428-BDFA-4C46-8FF2-E9F0B2850A16}.Debug|Mixed Platforms.Build.0 = Debug|Any CPU
		{82870428-BDFA-4C46-8FF2-E9F0B2850A16}.Debug|x86.ActiveCfg = Debug|x86
		{82870428-BDFA-4C46-8FF2-E9F0B2850A16}.Debug|x86.Build.0 = Debug|x86
		{82870428-BDFA-4C46-8FF2-E9F0B2850A16}.Release|Any CPU.ActiveCfg = Release|Any CPU
		{82870428-BDFA-4C46-8FF2-E9F0B2850A16}.Release|Any CPU.Build.0 = Release|Any CPU
		{82870428-BDFA-4C46-8FF2-E9F0B2850A16}.Release|Mixed Platforms.ActiveCfg = Release|Any CPU
		{82870428-BDFA-4C46-8FF2-E9F0B2850A16}.Release|Mixed Platforms.Build.0 = Release|Any CPU
		{82870428-BDFA-4C46-8FF2-E9F0B2850A16}.Release|x86.ActiveCfg = Release|x86
		{82870428-BDFA-4C46-8FF2-E9F0B2850A16}.Release|x86.Build.0 = Release|x86
		{12CBE32B-09FE-492E-AD62-14ACDD8A2E71}.Debug|Any CPU.ActiveCfg = Debug|Any CPU
		{12CBE32B-09FE-492E-AD62-14ACDD8A2E71}.Debug|Any CPU.Build.0 = Debug|Any CPU
		{12CBE32B-09FE-492E-AD62-14ACDD8A2E71}.Debug|Mixed Platforms.ActiveCfg = Debug|Any CPU
		{12CBE32B-09FE-492E-AD62-14ACDD8A2E71}.Debug|Mixed Platforms.Build.0 = Debug|Any CPU
		{12CBE32B-09FE-492E-AD62-14ACDD8A2E71}.Debug|x86.ActiveCfg = Debug|x86
		{12CBE32B-09FE-492E-AD62-14ACDD8A2E71}.Debug|x86.Build.0 = Debug|x86
		{12CBE32B-09FE-492E-AD62-14ACDD8A2E71}.Release|Any CPU.ActiveCfg = Release|Any CPU
		{12CBE32B-09FE-492E-AD62-14ACDD8A2E71}.Release|Any CPU.Build.0 = Release|Any CPU
		{12CBE32B-09FE-492E-AD62-14ACDD8A2E71}.Release|Mixed Platforms.ActiveCfg = Release|Any CPU
		{12CBE32B-09FE-492E-AD62-14ACDD8A2E71}.Release|Mixed Platforms.Build.0 = Release|Any CPU
		{12CBE32B-09FE-492E-AD62-14ACDD8A2E71}.Release|x86.ActiveCfg = Release|x86
		{12CBE32B-09FE-492E-AD62-14ACDD8A2E71}.Release|x86.Build.0 = Release|x86
		{314819AD-02AB-436A-9B4F-9EED60509ADA}.Debug|Any CPU.ActiveCfg = Debug|Any CPU
		{314819AD-02AB-436A-9B4F-9EED60509ADA}.Debug|Any CPU.Build.0 = Debug|Any CPU
		{314819AD-02AB-436A-9B4F-9EED60509ADA}.Debug|Mixed Platforms.ActiveCfg = Debug|Any CPU
		{314819AD-02AB-436A-9B4F-9EED60509ADA}.Debug|Mixed Platforms.Build.0 = Debug|Any CPU
		{314819AD-02AB-436A-9B4F-9EED60509ADA}.Debug|x86.ActiveCfg = Debug|x86
		{314819AD-02AB-436A-9B4F-9EED60509ADA}.Debug|x86.Build.0 = Debug|x86
		{314819AD-02AB-436A-9B4F-9EED60509ADA}.Release|Any CPU.ActiveCfg = Release|Any CPU
		{314819AD-02AB-436A-9B4F-9EED60509ADA}.Release|Any CPU.Build.0 = Release|Any CPU
		{314819AD-02AB-436A-9B4F-9EED60509ADA}.Release|Mixed Platforms.ActiveCfg = Release|Any CPU
		{314819AD-02AB-436A-9B4F-9EED60509ADA}.Release|Mixed Platforms.Build.0 = Release|Any CPU
		{314819AD-02AB-436A-9B4F-9EED60509ADA}.Release|x86.ActiveCfg = Release|x86
		{314819AD-02AB-436A-9B4F-9EED60509ADA}.Release|x86.Build.0 = Release|x86
		{8E51B134-C514-4891-8ACA-F85E082C3051}.Debug|Any CPU.ActiveCfg = Debug|Any CPU
		{8E51B134-C514-4891-8ACA-F85E082C3051}.Debug|Any CPU.Build.0 = Debug|Any CPU
		{8E51B134-C514-4891-8ACA-F85E082C3051}.Debug|Mixed Platforms.ActiveCfg = Debug|Any CPU
		{8E51B134-C514-4891-8ACA-F85E082C3051}.Debug|Mixed Platforms.Build.0 = Debug|Any CPU
		{8E51B134-C514-4891-8ACA-F85E082C3051}.Debug|x86.ActiveCfg = Debug|x86
		{8E51B134-C514-4891-8ACA-F85E082C3051}.Debug|x86.Build.0 = Debug|x86
		{8E51B134-C514-4891-8ACA-F85E082C3051}.Release|Any CPU.ActiveCfg = Release|Any CPU
		{8E51B134-C514-4891-8ACA-F85E082C3051}.Release|Any CPU.Build.0 = Release|Any CPU
		{8E51B134-C514-4891-8ACA-F85E082C3051}.Release|Mixed Platforms.ActiveCfg = Release|Any CPU
		{8E51B134-C514-4891-8ACA-F85E082C3051}.Release|Mixed Platforms.Build.0 = Release|Any CPU
		{8E51B134-C514-4891-8ACA-F85E082C3051}.Release|x86.ActiveCfg = Release|x86
		{8E51B134-C514-4891-8ACA-F85E082C3051}.Release|x86.Build.0 = Release|x86
		{77CC9E63-AF51-4736-9A26-43C12B66491B}.Debug|Any CPU.ActiveCfg = Debug|Any CPU
		{77CC9E63-AF51-4736-9A26-43C12B66491B}.Debug|Any CPU.Build.0 = Debug|Any CPU
		{77CC9E63-AF51-4736-9A26-43C12B66491B}.Debug|Mixed Platforms.ActiveCfg = Debug|Any CPU
		{77CC9E63-AF51-4736-9A26-43C12B66491B}.Debug|Mixed Platforms.Build.0 = Debug|Any CPU
		{77CC9E63-AF51-4736-9A26-43C12B66491B}.Debug|x86.ActiveCfg = Debug|x86
		{77CC9E63-AF51-4736-9A26-43C12B66491B}.Debug|x86.Build.0 = Debug|x86
		{77CC9E63-AF51-4736-9A26-43C12B66491B}.Release|Any CPU.ActiveCfg = Release|Any CPU
		{77CC9E63-AF51-4736-9A26-43C12B66491B}.Release|Any CPU.Build.0 = Release|Any CPU
		{77CC9E63-AF51-4736-9A26-43C12B66491B}.Release|Mixed Platforms.ActiveCfg = Release|Any CPU
		{77CC9E63-AF51-4736-9A26-43C12B66491B}.Release|Mixed Platforms.Build.0 = Release|Any CPU
		{77CC9E63-AF51-4736-9A26-43C12B66491B}.Release|x86.ActiveCfg = Release|x86
		{77CC9E63-AF51-4736-9A26-43C12B66491B}.Release|x86.Build.0 = Release|x86
		{F5E4B4E1-4DE0-44A7-8897-C041C7DB4D39}.Debug|Any CPU.ActiveCfg = Debug|Any CPU
		{F5E4B4E1-4DE0-44A7-8897-C041C7DB4D39}.Debug|Any CPU.Build.0 = Debug|Any CPU
		{F5E4B4E1-4DE0-44A7-8897-C041C7DB4D39}.Debug|Mixed Platforms.ActiveCfg = Debug|Any CPU
		{F5E4B4E1-4DE0-44A7-8897-C041C7DB4D39}.Debug|Mixed Platforms.Build.0 = Debug|Any CPU
		{F5E4B4E1-4DE0-44A7-8897-C041C7DB4D39}.Debug|x86.ActiveCfg = Debug|x86
		{F5E4B4E1-4DE0-44A7-8897-C041C7DB4D39}.Debug|x86.Build.0 = Debug|x86
		{F5E4B4E1-4DE0-44A7-8897-C041C7DB4D39}.Release|Any CPU.ActiveCfg = Release|Any CPU
		{F5E4B4E1-4DE0-44A7-8897-C041C7DB4D39}.Release|Any CPU.Build.0 = Release|Any CPU
		{F5E4B4E1-4DE0-44A7-8897-C041C7DB4D39}.Release|Mixed Platforms.ActiveCfg = Release|Any CPU
		{F5E4B4E1-4DE0-44A7-8897-C041C7DB4D39}.Release|Mixed Platforms.Build.0 = Release|Any CPU
		{F5E4B4E1-4DE0-44A7-8897-C041C7DB4D39}.Release|x86.ActiveCfg = Release|x86
		{F5E4B4E1-4DE0-44A7-8897-C041C7DB4D39}.Release|x86.Build.0 = Release|x86
		{E5D33734-2482-4487-B554-7891C9D71CA5}.Debug|Any CPU.ActiveCfg = Debug|Any CPU
		{E5D33734-2482-4487-B554-7891C9D71CA5}.Debug|Any CPU.Build.0 = Debug|Any CPU
		{E5D33734-2482-4487-B554-7891C9D71CA5}.Debug|Mixed Platforms.ActiveCfg = Debug|Any CPU
		{E5D33734-2482-4487-B554-7891C9D71CA5}.Debug|Mixed Platforms.Build.0 = Debug|Any CPU
		{E5D33734-2482-4487-B554-7891C9D71CA5}.Debug|x86.ActiveCfg = Debug|x86
		{E5D33734-2482-4487-B554-7891C9D71CA5}.Debug|x86.Build.0 = Debug|x86
		{E5D33734-2482-4487-B554-7891C9D71CA5}.Release|Any CPU.ActiveCfg = Release|Any CPU
		{E5D33734-2482-4487-B554-7891C9D71CA5}.Release|Any CPU.Build.0 = Release|Any CPU
		{E5D33734-2482-4487-B554-7891C9D71CA5}.Release|Mixed Platforms.ActiveCfg = Release|Any CPU
		{E5D33734-2482-4487-B554-7891C9D71CA5}.Release|Mixed Platforms.Build.0 = Release|Any CPU
		{E5D33734-2482-4487-B554-7891C9D71CA5}.Release|x86.ActiveCfg = Release|x86
		{E5D33734-2482-4487-B554-7891C9D71CA5}.Release|x86.Build.0 = Release|x86
		{C59840C4-D04C-468C-9AC1-BE745F2F5A14}.Debug|Any CPU.ActiveCfg = Debug|Any CPU
		{C59840C4-D04C-468C-9AC1-BE745F2F5A14}.Debug|Any CPU.Build.0 = Debug|Any CPU
		{C59840C4-D04C-468C-9AC1-BE745F2F5A14}.Debug|Mixed Platforms.ActiveCfg = Debug|Any CPU
		{C59840C4-D04C-468C-9AC1-BE745F2F5A14}.Debug|Mixed Platforms.Build.0 = Debug|Any CPU
		{C59840C4-D04C-468C-9AC1-BE745F2F5A14}.Debug|x86.ActiveCfg = Debug|x86
		{C59840C4-D04C-468C-9AC1-BE745F2F5A14}.Debug|x86.Build.0 = Debug|x86
		{C59840C4-D04C-468C-9AC1-BE745F2F5A14}.Release|Any CPU.ActiveCfg = Release|Any CPU
		{C59840C4-D04C-468C-9AC1-BE745F2F5A14}.Release|Any CPU.Build.0 = Release|Any CPU
		{C59840C4-D04C-468C-9AC1-BE745F2F5A14}.Release|Mixed Platforms.ActiveCfg = Release|Any CPU
		{C59840C4-D04C-468C-9AC1-BE745F2F5A14}.Release|Mixed Platforms.Build.0 = Release|Any CPU
		{C59840C4-D04C-468C-9AC1-BE745F2F5A14}.Release|x86.ActiveCfg = Release|x86
		{C59840C4-D04C-468C-9AC1-BE745F2F5A14}.Release|x86.Build.0 = Release|x86
		{3A7436B0-F7B3-42D5-A090-9E29FE73EA70}.Debug|Any CPU.ActiveCfg = Debug|Any CPU
		{3A7436B0-F7B3-42D5-A090-9E29FE73EA70}.Debug|Any CPU.Build.0 = Debug|Any CPU
		{3A7436B0-F7B3-42D5-A090-9E29FE73EA70}.Debug|Mixed Platforms.ActiveCfg = Debug|Any CPU
		{3A7436B0-F7B3-42D5-A090-9E29FE73EA70}.Debug|Mixed Platforms.Build.0 = Debug|Any CPU
		{3A7436B0-F7B3-42D5-A090-9E29FE73EA70}.Debug|x86.ActiveCfg = Debug|x86
		{3A7436B0-F7B3-42D5-A090-9E29FE73EA70}.Debug|x86.Build.0 = Debug|x86
		{3A7436B0-F7B3-42D5-A090-9E29FE73EA70}.Release|Any CPU.ActiveCfg = Release|Any CPU
		{3A7436B0-F7B3-42D5-A090-9E29FE73EA70}.Release|Mixed Platforms.ActiveCfg = Release|Any CPU
		{3A7436B0-F7B3-42D5-A090-9E29FE73EA70}.Release|Mixed Platforms.Build.0 = Release|Any CPU
		{3A7436B0-F7B3-42D5-A090-9E29FE73EA70}.Release|x86.ActiveCfg = Release|x86
		{3A7436B0-F7B3-42D5-A090-9E29FE73EA70}.Release|x86.Build.0 = Release|x86
		{5796D5E9-E53E-4F86-B234-23C832E42EF1}.Debug|Any CPU.ActiveCfg = Debug|Any CPU
		{5796D5E9-E53E-4F86-B234-23C832E42EF1}.Debug|Any CPU.Build.0 = Debug|Any CPU
		{5796D5E9-E53E-4F86-B234-23C832E42EF1}.Debug|Mixed Platforms.ActiveCfg = Debug|Any CPU
		{5796D5E9-E53E-4F86-B234-23C832E42EF1}.Debug|Mixed Platforms.Build.0 = Debug|Any CPU
		{5796D5E9-E53E-4F86-B234-23C832E42EF1}.Debug|x86.ActiveCfg = Debug|x86
		{5796D5E9-E53E-4F86-B234-23C832E42EF1}.Debug|x86.Build.0 = Debug|x86
		{5796D5E9-E53E-4F86-B234-23C832E42EF1}.Release|Any CPU.ActiveCfg = Release|Any CPU
		{5796D5E9-E53E-4F86-B234-23C832E42EF1}.Release|Any CPU.Build.0 = Release|Any CPU
		{5796D5E9-E53E-4F86-B234-23C832E42EF1}.Release|Mixed Platforms.ActiveCfg = Release|Any CPU
		{5796D5E9-E53E-4F86-B234-23C832E42EF1}.Release|Mixed Platforms.Build.0 = Release|Any CPU
		{5796D5E9-E53E-4F86-B234-23C832E42EF1}.Release|x86.ActiveCfg = Release|x86
		{5796D5E9-E53E-4F86-B234-23C832E42EF1}.Release|x86.Build.0 = Release|x86
		{870C08AA-F0EA-4A9A-8353-37502EB8C71C}.Debug|Any CPU.ActiveCfg = Debug|Any CPU
		{870C08AA-F0EA-4A9A-8353-37502EB8C71C}.Debug|Any CPU.Build.0 = Debug|Any CPU
		{870C08AA-F0EA-4A9A-8353-37502EB8C71C}.Debug|Mixed Platforms.ActiveCfg = Debug|Any CPU
		{870C08AA-F0EA-4A9A-8353-37502EB8C71C}.Debug|Mixed Platforms.Build.0 = Debug|Any CPU
		{870C08AA-F0EA-4A9A-8353-37502EB8C71C}.Debug|x86.ActiveCfg = Debug|x86
		{870C08AA-F0EA-4A9A-8353-37502EB8C71C}.Debug|x86.Build.0 = Debug|x86
		{870C08AA-F0EA-4A9A-8353-37502EB8C71C}.Release|Any CPU.ActiveCfg = Release|Any CPU
		{870C08AA-F0EA-4A9A-8353-37502EB8C71C}.Release|Any CPU.Build.0 = Release|Any CPU
		{870C08AA-F0EA-4A9A-8353-37502EB8C71C}.Release|Mixed Platforms.ActiveCfg = Release|Any CPU
		{870C08AA-F0EA-4A9A-8353-37502EB8C71C}.Release|Mixed Platforms.Build.0 = Release|Any CPU
		{870C08AA-F0EA-4A9A-8353-37502EB8C71C}.Release|x86.ActiveCfg = Release|x86
		{870C08AA-F0EA-4A9A-8353-37502EB8C71C}.Release|x86.Build.0 = Release|x86
		{76BD9044-EBA4-4A61-AF3B-9D629D453EC1}.Debug|Any CPU.ActiveCfg = Debug|Any CPU
		{76BD9044-EBA4-4A61-AF3B-9D629D453EC1}.Debug|Mixed Platforms.ActiveCfg = Debug|Any CPU
		{76BD9044-EBA4-4A61-AF3B-9D629D453EC1}.Debug|x86.ActiveCfg = Debug|x86
		{76BD9044-EBA4-4A61-AF3B-9D629D453EC1}.Debug|x86.Build.0 = Debug|x86
		{76BD9044-EBA4-4A61-AF3B-9D629D453EC1}.Release|Any CPU.ActiveCfg = Release|Any CPU
		{76BD9044-EBA4-4A61-AF3B-9D629D453EC1}.Release|Mixed Platforms.ActiveCfg = Release|Any CPU
		{76BD9044-EBA4-4A61-AF3B-9D629D453EC1}.Release|x86.ActiveCfg = Release|x86
		{76BD9044-EBA4-4A61-AF3B-9D629D453EC1}.Release|x86.Build.0 = Release|x86
		{666B721A-5770-4FBA-A932-C3EF752759D5}.Debug|Any CPU.ActiveCfg = Debug|Any CPU
		{666B721A-5770-4FBA-A932-C3EF752759D5}.Debug|Any CPU.Build.0 = Debug|Any CPU
		{666B721A-5770-4FBA-A932-C3EF752759D5}.Debug|Mixed Platforms.ActiveCfg = Debug|Any CPU
		{666B721A-5770-4FBA-A932-C3EF752759D5}.Debug|Mixed Platforms.Build.0 = Debug|Any CPU
		{666B721A-5770-4FBA-A932-C3EF752759D5}.Debug|x86.ActiveCfg = Debug|x86
		{666B721A-5770-4FBA-A932-C3EF752759D5}.Debug|x86.Build.0 = Debug|x86
		{666B721A-5770-4FBA-A932-C3EF752759D5}.Release|Any CPU.ActiveCfg = Release|Any CPU
		{666B721A-5770-4FBA-A932-C3EF752759D5}.Release|Any CPU.Build.0 = Release|Any CPU
		{666B721A-5770-4FBA-A932-C3EF752759D5}.Release|Mixed Platforms.ActiveCfg = Release|Any CPU
		{666B721A-5770-4FBA-A932-C3EF752759D5}.Release|Mixed Platforms.Build.0 = Release|Any CPU
		{666B721A-5770-4FBA-A932-C3EF752759D5}.Release|x86.ActiveCfg = Release|x86
		{666B721A-5770-4FBA-A932-C3EF752759D5}.Release|x86.Build.0 = Release|x86
		{8818C08E-9037-4D65-816B-01B7D8A0085C}.Debug|Any CPU.ActiveCfg = Debug|Any CPU
		{8818C08E-9037-4D65-816B-01B7D8A0085C}.Debug|Any CPU.Build.0 = Debug|Any CPU
		{8818C08E-9037-4D65-816B-01B7D8A0085C}.Debug|Mixed Platforms.ActiveCfg = Debug|Any CPU
		{8818C08E-9037-4D65-816B-01B7D8A0085C}.Debug|Mixed Platforms.Build.0 = Debug|Any CPU
		{8818C08E-9037-4D65-816B-01B7D8A0085C}.Debug|x86.ActiveCfg = Debug|x86
		{8818C08E-9037-4D65-816B-01B7D8A0085C}.Debug|x86.Build.0 = Debug|x86
		{8818C08E-9037-4D65-816B-01B7D8A0085C}.Release|Any CPU.ActiveCfg = Release|Any CPU
		{8818C08E-9037-4D65-816B-01B7D8A0085C}.Release|Any CPU.Build.0 = Release|Any CPU
		{8818C08E-9037-4D65-816B-01B7D8A0085C}.Release|Mixed Platforms.ActiveCfg = Release|Any CPU
		{8818C08E-9037-4D65-816B-01B7D8A0085C}.Release|Mixed Platforms.Build.0 = Release|Any CPU
		{8818C08E-9037-4D65-816B-01B7D8A0085C}.Release|x86.ActiveCfg = Release|x86
		{8818C08E-9037-4D65-816B-01B7D8A0085C}.Release|x86.Build.0 = Release|x86
		{17221942-A050-4C82-9B67-A873126D1891}.Debug|Any CPU.ActiveCfg = Debug|Any CPU
		{17221942-A050-4C82-9B67-A873126D1891}.Debug|Mixed Platforms.ActiveCfg = Debug|Any CPU
		{17221942-A050-4C82-9B67-A873126D1891}.Debug|x86.ActiveCfg = Debug|x86
		{17221942-A050-4C82-9B67-A873126D1891}.Debug|x86.Build.0 = Debug|x86
		{17221942-A050-4C82-9B67-A873126D1891}.Release|Any CPU.ActiveCfg = Release|Any CPU
		{17221942-A050-4C82-9B67-A873126D1891}.Release|Mixed Platforms.ActiveCfg = Release|Any CPU
		{17221942-A050-4C82-9B67-A873126D1891}.Release|x86.ActiveCfg = Release|x86
		{17221942-A050-4C82-9B67-A873126D1891}.Release|x86.Build.0 = Release|x86
		{C3DC8829-FD81-4780-ACA3-A1E6524199C0}.Debug|Any CPU.ActiveCfg = Debug|Any CPU
		{C3DC8829-FD81-4780-ACA3-A1E6524199C0}.Debug|Any CPU.Build.0 = Debug|Any CPU
		{C3DC8829-FD81-4780-ACA3-A1E6524199C0}.Debug|Mixed Platforms.ActiveCfg = Debug|Any CPU
		{C3DC8829-FD81-4780-ACA3-A1E6524199C0}.Debug|Mixed Platforms.Build.0 = Debug|Any CPU
		{C3DC8829-FD81-4780-ACA3-A1E6524199C0}.Debug|x86.ActiveCfg = Debug|x86
		{C3DC8829-FD81-4780-ACA3-A1E6524199C0}.Debug|x86.Build.0 = Debug|x86
		{C3DC8829-FD81-4780-ACA3-A1E6524199C0}.Release|Any CPU.ActiveCfg = Release|Any CPU
		{C3DC8829-FD81-4780-ACA3-A1E6524199C0}.Release|Any CPU.Build.0 = Release|Any CPU
		{C3DC8829-FD81-4780-ACA3-A1E6524199C0}.Release|Mixed Platforms.ActiveCfg = Release|Any CPU
		{C3DC8829-FD81-4780-ACA3-A1E6524199C0}.Release|Mixed Platforms.Build.0 = Release|Any CPU
		{C3DC8829-FD81-4780-ACA3-A1E6524199C0}.Release|x86.ActiveCfg = Release|x86
		{C3DC8829-FD81-4780-ACA3-A1E6524199C0}.Release|x86.Build.0 = Release|x86
		{E219FF48-CB73-4A92-BAB3-33466E152493}.Debug|Any CPU.ActiveCfg = Debug|Any CPU
		{E219FF48-CB73-4A92-BAB3-33466E152493}.Debug|Any CPU.Build.0 = Debug|Any CPU
		{E219FF48-CB73-4A92-BAB3-33466E152493}.Debug|Mixed Platforms.ActiveCfg = Debug|Any CPU
		{E219FF48-CB73-4A92-BAB3-33466E152493}.Debug|Mixed Platforms.Build.0 = Debug|Any CPU
		{E219FF48-CB73-4A92-BAB3-33466E152493}.Debug|x86.ActiveCfg = Debug|x86
		{E219FF48-CB73-4A92-BAB3-33466E152493}.Debug|x86.Build.0 = Debug|x86
		{E219FF48-CB73-4A92-BAB3-33466E152493}.Release|Any CPU.ActiveCfg = Release|Any CPU
		{E219FF48-CB73-4A92-BAB3-33466E152493}.Release|Any CPU.Build.0 = Release|Any CPU
		{E219FF48-CB73-4A92-BAB3-33466E152493}.Release|Mixed Platforms.ActiveCfg = Release|Any CPU
		{E219FF48-CB73-4A92-BAB3-33466E152493}.Release|Mixed Platforms.Build.0 = Release|Any CPU
		{E219FF48-CB73-4A92-BAB3-33466E152493}.Release|x86.ActiveCfg = Release|x86
		{E219FF48-CB73-4A92-BAB3-33466E152493}.Release|x86.Build.0 = Release|x86
		{DD7C1486-684A-4CB0-8958-4B0A0AC5B465}.Debug|Any CPU.ActiveCfg = Debug|Any CPU
		{DD7C1486-684A-4CB0-8958-4B0A0AC5B465}.Debug|Any CPU.Build.0 = Debug|Any CPU
		{DD7C1486-684A-4CB0-8958-4B0A0AC5B465}.Debug|Mixed Platforms.ActiveCfg = Debug|Any CPU
		{DD7C1486-684A-4CB0-8958-4B0A0AC5B465}.Debug|Mixed Platforms.Build.0 = Debug|Any CPU
		{DD7C1486-684A-4CB0-8958-4B0A0AC5B465}.Debug|x86.ActiveCfg = Debug|x86
		{DD7C1486-684A-4CB0-8958-4B0A0AC5B465}.Debug|x86.Build.0 = Debug|x86
		{DD7C1486-684A-4CB0-8958-4B0A0AC5B465}.Release|Any CPU.ActiveCfg = Release|Any CPU
		{DD7C1486-684A-4CB0-8958-4B0A0AC5B465}.Release|Any CPU.Build.0 = Release|Any CPU
		{DD7C1486-684A-4CB0-8958-4B0A0AC5B465}.Release|Mixed Platforms.ActiveCfg = Release|Any CPU
		{DD7C1486-684A-4CB0-8958-4B0A0AC5B465}.Release|Mixed Platforms.Build.0 = Release|Any CPU
		{DD7C1486-684A-4CB0-8958-4B0A0AC5B465}.Release|x86.ActiveCfg = Release|x86
		{DD7C1486-684A-4CB0-8958-4B0A0AC5B465}.Release|x86.Build.0 = Release|x86
		{D3452DA3-386C-4E87-91E1-D1A15C09B8B8}.Debug|Any CPU.ActiveCfg = Debug|Any CPU
		{D3452DA3-386C-4E87-91E1-D1A15C09B8B8}.Debug|Any CPU.Build.0 = Debug|Any CPU
		{D3452DA3-386C-4E87-91E1-D1A15C09B8B8}.Debug|Mixed Platforms.ActiveCfg = Debug|Any CPU
		{D3452DA3-386C-4E87-91E1-D1A15C09B8B8}.Debug|Mixed Platforms.Build.0 = Debug|Any CPU
		{D3452DA3-386C-4E87-91E1-D1A15C09B8B8}.Debug|x86.ActiveCfg = Debug|x86
		{D3452DA3-386C-4E87-91E1-D1A15C09B8B8}.Debug|x86.Build.0 = Debug|x86
		{D3452DA3-386C-4E87-91E1-D1A15C09B8B8}.Release|Any CPU.ActiveCfg = Release|Any CPU
		{D3452DA3-386C-4E87-91E1-D1A15C09B8B8}.Release|Any CPU.Build.0 = Release|Any CPU
		{D3452DA3-386C-4E87-91E1-D1A15C09B8B8}.Release|Mixed Platforms.ActiveCfg = Release|Any CPU
		{D3452DA3-386C-4E87-91E1-D1A15C09B8B8}.Release|Mixed Platforms.Build.0 = Release|Any CPU
		{D3452DA3-386C-4E87-91E1-D1A15C09B8B8}.Release|x86.ActiveCfg = Release|x86
		{D3452DA3-386C-4E87-91E1-D1A15C09B8B8}.Release|x86.Build.0 = Release|x86
		{D5EFB044-C857-43A2-BB8A-BE03B18A098E}.Debug|Any CPU.ActiveCfg = Debug|Any CPU
		{D5EFB044-C857-43A2-BB8A-BE03B18A098E}.Debug|Any CPU.Build.0 = Debug|Any CPU
		{D5EFB044-C857-43A2-BB8A-BE03B18A098E}.Debug|Mixed Platforms.ActiveCfg = Debug|Any CPU
		{D5EFB044-C857-43A2-BB8A-BE03B18A098E}.Debug|Mixed Platforms.Build.0 = Debug|Any CPU
		{D5EFB044-C857-43A2-BB8A-BE03B18A098E}.Debug|x86.ActiveCfg = Debug|x86
		{D5EFB044-C857-43A2-BB8A-BE03B18A098E}.Debug|x86.Build.0 = Debug|x86
		{D5EFB044-C857-43A2-BB8A-BE03B18A098E}.Release|Any CPU.ActiveCfg = Release|Any CPU
		{D5EFB044-C857-43A2-BB8A-BE03B18A098E}.Release|Any CPU.Build.0 = Release|Any CPU
		{D5EFB044-C857-43A2-BB8A-BE03B18A098E}.Release|Mixed Platforms.ActiveCfg = Release|Any CPU
		{D5EFB044-C857-43A2-BB8A-BE03B18A098E}.Release|Mixed Platforms.Build.0 = Release|Any CPU
		{D5EFB044-C857-43A2-BB8A-BE03B18A098E}.Release|x86.ActiveCfg = Release|x86
		{D5EFB044-C857-43A2-BB8A-BE03B18A098E}.Release|x86.Build.0 = Release|x86
		{1CBED0F6-405A-442B-92E6-CEE9DB9EAD79}.Debug|Any CPU.ActiveCfg = Debug|Any CPU
		{1CBED0F6-405A-442B-92E6-CEE9DB9EAD79}.Debug|Any CPU.Build.0 = Debug|Any CPU
		{1CBED0F6-405A-442B-92E6-CEE9DB9EAD79}.Debug|Mixed Platforms.ActiveCfg = Debug|Any CPU
		{1CBED0F6-405A-442B-92E6-CEE9DB9EAD79}.Debug|Mixed Platforms.Build.0 = Debug|Any CPU
		{1CBED0F6-405A-442B-92E6-CEE9DB9EAD79}.Debug|x86.ActiveCfg = Debug|x86
		{1CBED0F6-405A-442B-92E6-CEE9DB9EAD79}.Debug|x86.Build.0 = Debug|x86
		{1CBED0F6-405A-442B-92E6-CEE9DB9EAD79}.Release|Any CPU.ActiveCfg = Release|Any CPU
		{1CBED0F6-405A-442B-92E6-CEE9DB9EAD79}.Release|Any CPU.Build.0 = Release|Any CPU
		{1CBED0F6-405A-442B-92E6-CEE9DB9EAD79}.Release|Mixed Platforms.ActiveCfg = Release|Any CPU
		{1CBED0F6-405A-442B-92E6-CEE9DB9EAD79}.Release|Mixed Platforms.Build.0 = Release|Any CPU
		{1CBED0F6-405A-442B-92E6-CEE9DB9EAD79}.Release|x86.ActiveCfg = Release|x86
		{1CBED0F6-405A-442B-92E6-CEE9DB9EAD79}.Release|x86.Build.0 = Release|x86
		{D8C554DA-910D-48E6-9E1A-9125C87E1781}.Debug|Any CPU.ActiveCfg = Debug|Any CPU
		{D8C554DA-910D-48E6-9E1A-9125C87E1781}.Debug|Any CPU.Build.0 = Debug|Any CPU
		{D8C554DA-910D-48E6-9E1A-9125C87E1781}.Debug|Mixed Platforms.ActiveCfg = Debug|Any CPU
		{D8C554DA-910D-48E6-9E1A-9125C87E1781}.Debug|Mixed Platforms.Build.0 = Debug|Any CPU
		{D8C554DA-910D-48E6-9E1A-9125C87E1781}.Debug|x86.ActiveCfg = Debug|x86
		{D8C554DA-910D-48E6-9E1A-9125C87E1781}.Debug|x86.Build.0 = Debug|x86
		{D8C554DA-910D-48E6-9E1A-9125C87E1781}.Release|Any CPU.ActiveCfg = Release|Any CPU
		{D8C554DA-910D-48E6-9E1A-9125C87E1781}.Release|Any CPU.Build.0 = Release|Any CPU
		{D8C554DA-910D-48E6-9E1A-9125C87E1781}.Release|Mixed Platforms.ActiveCfg = Release|Any CPU
		{D8C554DA-910D-48E6-9E1A-9125C87E1781}.Release|Mixed Platforms.Build.0 = Release|Any CPU
		{D8C554DA-910D-48E6-9E1A-9125C87E1781}.Release|x86.ActiveCfg = Release|x86
		{D8C554DA-910D-48E6-9E1A-9125C87E1781}.Release|x86.Build.0 = Release|x86
		{450EB798-C584-4232-803A-33FD8567A226}.Debug|Any CPU.ActiveCfg = Debug|Any CPU
		{450EB798-C584-4232-803A-33FD8567A226}.Debug|Any CPU.Build.0 = Debug|Any CPU
		{450EB798-C584-4232-803A-33FD8567A226}.Debug|Mixed Platforms.ActiveCfg = Debug|Any CPU
		{450EB798-C584-4232-803A-33FD8567A226}.Debug|Mixed Platforms.Build.0 = Debug|Any CPU
		{450EB798-C584-4232-803A-33FD8567A226}.Debug|x86.ActiveCfg = Debug|x86
		{450EB798-C584-4232-803A-33FD8567A226}.Debug|x86.Build.0 = Debug|x86
		{450EB798-C584-4232-803A-33FD8567A226}.Release|Any CPU.ActiveCfg = Release|Any CPU
		{450EB798-C584-4232-803A-33FD8567A226}.Release|Any CPU.Build.0 = Release|Any CPU
		{450EB798-C584-4232-803A-33FD8567A226}.Release|Mixed Platforms.ActiveCfg = Release|Any CPU
		{450EB798-C584-4232-803A-33FD8567A226}.Release|Mixed Platforms.Build.0 = Release|Any CPU
		{450EB798-C584-4232-803A-33FD8567A226}.Release|x86.ActiveCfg = Release|x86
		{450EB798-C584-4232-803A-33FD8567A226}.Release|x86.Build.0 = Release|x86
		{EE22CD13-CBAC-421A-8078-25517DD81763}.Debug|Any CPU.ActiveCfg = Debug|Any CPU
		{EE22CD13-CBAC-421A-8078-25517DD81763}.Debug|Any CPU.Build.0 = Debug|Any CPU
		{EE22CD13-CBAC-421A-8078-25517DD81763}.Debug|Mixed Platforms.ActiveCfg = Debug|Any CPU
		{EE22CD13-CBAC-421A-8078-25517DD81763}.Debug|Mixed Platforms.Build.0 = Debug|Any CPU
		{EE22CD13-CBAC-421A-8078-25517DD81763}.Debug|x86.ActiveCfg = Debug|x86
		{EE22CD13-CBAC-421A-8078-25517DD81763}.Debug|x86.Build.0 = Debug|x86
		{EE22CD13-CBAC-421A-8078-25517DD81763}.Release|Any CPU.ActiveCfg = Release|Any CPU
		{EE22CD13-CBAC-421A-8078-25517DD81763}.Release|Any CPU.Build.0 = Release|Any CPU
		{EE22CD13-CBAC-421A-8078-25517DD81763}.Release|Mixed Platforms.ActiveCfg = Release|Any CPU
		{EE22CD13-CBAC-421A-8078-25517DD81763}.Release|Mixed Platforms.Build.0 = Release|Any CPU
		{EE22CD13-CBAC-421A-8078-25517DD81763}.Release|x86.ActiveCfg = Release|x86
		{EE22CD13-CBAC-421A-8078-25517DD81763}.Release|x86.Build.0 = Release|x86
		{5E66518E-50F2-42EC-B525-1F6C42700379}.Debug|Any CPU.ActiveCfg = Debug|Any CPU
		{5E66518E-50F2-42EC-B525-1F6C42700379}.Debug|Any CPU.Build.0 = Debug|Any CPU
		{5E66518E-50F2-42EC-B525-1F6C42700379}.Debug|Mixed Platforms.ActiveCfg = Debug|Any CPU
		{5E66518E-50F2-42EC-B525-1F6C42700379}.Debug|Mixed Platforms.Build.0 = Debug|Any CPU
		{5E66518E-50F2-42EC-B525-1F6C42700379}.Debug|x86.ActiveCfg = Debug|x86
		{5E66518E-50F2-42EC-B525-1F6C42700379}.Debug|x86.Build.0 = Debug|x86
		{5E66518E-50F2-42EC-B525-1F6C42700379}.Release|Any CPU.ActiveCfg = Release|Any CPU
		{5E66518E-50F2-42EC-B525-1F6C42700379}.Release|Any CPU.Build.0 = Release|Any CPU
		{5E66518E-50F2-42EC-B525-1F6C42700379}.Release|Mixed Platforms.ActiveCfg = Release|Any CPU
		{5E66518E-50F2-42EC-B525-1F6C42700379}.Release|Mixed Platforms.Build.0 = Release|Any CPU
		{5E66518E-50F2-42EC-B525-1F6C42700379}.Release|x86.ActiveCfg = Release|x86
		{5E66518E-50F2-42EC-B525-1F6C42700379}.Release|x86.Build.0 = Release|x86
		{1A63051B-D986-4C75-91C9-24975ACF6F5A}.Debug|Any CPU.ActiveCfg = Debug|Any CPU
		{1A63051B-D986-4C75-91C9-24975ACF6F5A}.Debug|Any CPU.Build.0 = Debug|Any CPU
		{1A63051B-D986-4C75-91C9-24975ACF6F5A}.Debug|Mixed Platforms.ActiveCfg = Debug|Any CPU
		{1A63051B-D986-4C75-91C9-24975ACF6F5A}.Debug|Mixed Platforms.Build.0 = Debug|Any CPU
		{1A63051B-D986-4C75-91C9-24975ACF6F5A}.Debug|x86.ActiveCfg = Debug|Any CPU
		{1A63051B-D986-4C75-91C9-24975ACF6F5A}.Release|Any CPU.ActiveCfg = Release|Any CPU
		{1A63051B-D986-4C75-91C9-24975ACF6F5A}.Release|Any CPU.Build.0 = Release|Any CPU
		{1A63051B-D986-4C75-91C9-24975ACF6F5A}.Release|Mixed Platforms.ActiveCfg = Release|Any CPU
		{1A63051B-D986-4C75-91C9-24975ACF6F5A}.Release|Mixed Platforms.Build.0 = Release|Any CPU
		{1A63051B-D986-4C75-91C9-24975ACF6F5A}.Release|x86.ActiveCfg = Release|Any CPU
		{4F2504C4-E606-4FC6-BB04-79BFCF91B76D}.Debug|Any CPU.ActiveCfg = Debug|Any CPU
		{4F2504C4-E606-4FC6-BB04-79BFCF91B76D}.Debug|Any CPU.Build.0 = Debug|Any CPU
		{4F2504C4-E606-4FC6-BB04-79BFCF91B76D}.Debug|Mixed Platforms.ActiveCfg = Debug|Any CPU
		{4F2504C4-E606-4FC6-BB04-79BFCF91B76D}.Debug|Mixed Platforms.Build.0 = Debug|Any CPU
		{4F2504C4-E606-4FC6-BB04-79BFCF91B76D}.Debug|x86.ActiveCfg = Debug|Any CPU
		{4F2504C4-E606-4FC6-BB04-79BFCF91B76D}.Release|Any CPU.ActiveCfg = Release|Any CPU
		{4F2504C4-E606-4FC6-BB04-79BFCF91B76D}.Release|Any CPU.Build.0 = Release|Any CPU
		{4F2504C4-E606-4FC6-BB04-79BFCF91B76D}.Release|Mixed Platforms.ActiveCfg = Release|Any CPU
		{4F2504C4-E606-4FC6-BB04-79BFCF91B76D}.Release|Mixed Platforms.Build.0 = Release|Any CPU
		{4F2504C4-E606-4FC6-BB04-79BFCF91B76D}.Release|x86.ActiveCfg = Release|Any CPU
		{AEE1C909-8FDD-4E3F-9CB1-A382B7594D16}.Debug|Any CPU.ActiveCfg = Debug|Any CPU
		{AEE1C909-8FDD-4E3F-9CB1-A382B7594D16}.Debug|Any CPU.Build.0 = Debug|Any CPU
		{AEE1C909-8FDD-4E3F-9CB1-A382B7594D16}.Debug|Mixed Platforms.ActiveCfg = Debug|Any CPU
		{AEE1C909-8FDD-4E3F-9CB1-A382B7594D16}.Debug|Mixed Platforms.Build.0 = Debug|Any CPU
		{AEE1C909-8FDD-4E3F-9CB1-A382B7594D16}.Debug|x86.ActiveCfg = Debug|Any CPU
		{AEE1C909-8FDD-4E3F-9CB1-A382B7594D16}.Release|Any CPU.ActiveCfg = Release|Any CPU
		{AEE1C909-8FDD-4E3F-9CB1-A382B7594D16}.Release|Any CPU.Build.0 = Release|Any CPU
		{AEE1C909-8FDD-4E3F-9CB1-A382B7594D16}.Release|Mixed Platforms.ActiveCfg = Release|Any CPU
		{AEE1C909-8FDD-4E3F-9CB1-A382B7594D16}.Release|Mixed Platforms.Build.0 = Release|Any CPU
		{AEE1C909-8FDD-4E3F-9CB1-A382B7594D16}.Release|x86.ActiveCfg = Release|Any CPU
		{D3BE9D1F-E3E5-4D63-9A47-DECBDBA9DEEF}.Debug|Any CPU.ActiveCfg = Debug|Any CPU
		{D3BE9D1F-E3E5-4D63-9A47-DECBDBA9DEEF}.Debug|Any CPU.Build.0 = Debug|Any CPU
		{D3BE9D1F-E3E5-4D63-9A47-DECBDBA9DEEF}.Debug|Mixed Platforms.ActiveCfg = Debug|Any CPU
		{D3BE9D1F-E3E5-4D63-9A47-DECBDBA9DEEF}.Debug|Mixed Platforms.Build.0 = Debug|Any CPU
		{D3BE9D1F-E3E5-4D63-9A47-DECBDBA9DEEF}.Debug|x86.ActiveCfg = Debug|Any CPU
		{D3BE9D1F-E3E5-4D63-9A47-DECBDBA9DEEF}.Release|Any CPU.ActiveCfg = Release|Any CPU
		{D3BE9D1F-E3E5-4D63-9A47-DECBDBA9DEEF}.Release|Any CPU.Build.0 = Release|Any CPU
		{D3BE9D1F-E3E5-4D63-9A47-DECBDBA9DEEF}.Release|Mixed Platforms.ActiveCfg = Release|Any CPU
		{D3BE9D1F-E3E5-4D63-9A47-DECBDBA9DEEF}.Release|Mixed Platforms.Build.0 = Release|Any CPU
		{D3BE9D1F-E3E5-4D63-9A47-DECBDBA9DEEF}.Release|x86.ActiveCfg = Release|Any CPU
		{23528FB4-BCD8-4213-8DDD-E1344A1C5CF6}.Debug|Any CPU.ActiveCfg = Debug|Any CPU
		{23528FB4-BCD8-4213-8DDD-E1344A1C5CF6}.Debug|Any CPU.Build.0 = Debug|Any CPU
		{23528FB4-BCD8-4213-8DDD-E1344A1C5CF6}.Debug|Mixed Platforms.ActiveCfg = Debug|Any CPU
		{23528FB4-BCD8-4213-8DDD-E1344A1C5CF6}.Debug|Mixed Platforms.Build.0 = Debug|Any CPU
		{23528FB4-BCD8-4213-8DDD-E1344A1C5CF6}.Debug|x86.ActiveCfg = Debug|Any CPU
		{23528FB4-BCD8-4213-8DDD-E1344A1C5CF6}.Release|Any CPU.ActiveCfg = Release|Any CPU
		{23528FB4-BCD8-4213-8DDD-E1344A1C5CF6}.Release|Any CPU.Build.0 = Release|Any CPU
		{23528FB4-BCD8-4213-8DDD-E1344A1C5CF6}.Release|Mixed Platforms.ActiveCfg = Release|Any CPU
		{23528FB4-BCD8-4213-8DDD-E1344A1C5CF6}.Release|Mixed Platforms.Build.0 = Release|Any CPU
		{23528FB4-BCD8-4213-8DDD-E1344A1C5CF6}.Release|x86.ActiveCfg = Release|Any CPU
		{D88DF008-0172-4967-B49A-10D961141F38}.Debug|Any CPU.ActiveCfg = Debug|Any CPU
		{D88DF008-0172-4967-B49A-10D961141F38}.Debug|Any CPU.Build.0 = Debug|Any CPU
		{D88DF008-0172-4967-B49A-10D961141F38}.Debug|Mixed Platforms.ActiveCfg = Debug|Any CPU
		{D88DF008-0172-4967-B49A-10D961141F38}.Debug|Mixed Platforms.Build.0 = Debug|Any CPU
		{D88DF008-0172-4967-B49A-10D961141F38}.Debug|x86.ActiveCfg = Debug|Any CPU
		{D88DF008-0172-4967-B49A-10D961141F38}.Release|Any CPU.ActiveCfg = Release|Any CPU
		{D88DF008-0172-4967-B49A-10D961141F38}.Release|Any CPU.Build.0 = Release|Any CPU
		{D88DF008-0172-4967-B49A-10D961141F38}.Release|Mixed Platforms.ActiveCfg = Release|Any CPU
		{D88DF008-0172-4967-B49A-10D961141F38}.Release|Mixed Platforms.Build.0 = Release|Any CPU
		{D88DF008-0172-4967-B49A-10D961141F38}.Release|x86.ActiveCfg = Release|Any CPU
		{FCB5594E-4156-4676-BBFF-2A1FC4581D20}.Debug|Any CPU.ActiveCfg = Debug|Any CPU
		{FCB5594E-4156-4676-BBFF-2A1FC4581D20}.Debug|Any CPU.Build.0 = Debug|Any CPU
		{FCB5594E-4156-4676-BBFF-2A1FC4581D20}.Debug|Mixed Platforms.ActiveCfg = Debug|Any CPU
		{FCB5594E-4156-4676-BBFF-2A1FC4581D20}.Debug|Mixed Platforms.Build.0 = Debug|Any CPU
		{FCB5594E-4156-4676-BBFF-2A1FC4581D20}.Debug|x86.ActiveCfg = Debug|Any CPU
		{FCB5594E-4156-4676-BBFF-2A1FC4581D20}.Release|Any CPU.ActiveCfg = Release|Any CPU
		{FCB5594E-4156-4676-BBFF-2A1FC4581D20}.Release|Any CPU.Build.0 = Release|Any CPU
		{FCB5594E-4156-4676-BBFF-2A1FC4581D20}.Release|Mixed Platforms.ActiveCfg = Release|Any CPU
		{FCB5594E-4156-4676-BBFF-2A1FC4581D20}.Release|Mixed Platforms.Build.0 = Release|Any CPU
		{FCB5594E-4156-4676-BBFF-2A1FC4581D20}.Release|x86.ActiveCfg = Release|Any CPU
		{DF26A82A-0B66-4B3A-97A0-3CA727E693B9}.Debug|Any CPU.ActiveCfg = Debug|Any CPU
		{DF26A82A-0B66-4B3A-97A0-3CA727E693B9}.Debug|Any CPU.Build.0 = Debug|Any CPU
		{DF26A82A-0B66-4B3A-97A0-3CA727E693B9}.Debug|Mixed Platforms.ActiveCfg = Debug|Any CPU
		{DF26A82A-0B66-4B3A-97A0-3CA727E693B9}.Debug|Mixed Platforms.Build.0 = Debug|Any CPU
		{DF26A82A-0B66-4B3A-97A0-3CA727E693B9}.Debug|x86.ActiveCfg = Debug|Any CPU
		{DF26A82A-0B66-4B3A-97A0-3CA727E693B9}.Release|Any CPU.ActiveCfg = Release|Any CPU
		{DF26A82A-0B66-4B3A-97A0-3CA727E693B9}.Release|Any CPU.Build.0 = Release|Any CPU
		{DF26A82A-0B66-4B3A-97A0-3CA727E693B9}.Release|Mixed Platforms.ActiveCfg = Release|Any CPU
		{DF26A82A-0B66-4B3A-97A0-3CA727E693B9}.Release|Mixed Platforms.Build.0 = Release|Any CPU
		{DF26A82A-0B66-4B3A-97A0-3CA727E693B9}.Release|x86.ActiveCfg = Release|Any CPU
		{0F646C1C-E8CE-48B0-B172-3827C83CC429}.Debug|Any CPU.ActiveCfg = Debug|Any CPU
		{0F646C1C-E8CE-48B0-B172-3827C83CC429}.Debug|Any CPU.Build.0 = Debug|Any CPU
		{0F646C1C-E8CE-48B0-B172-3827C83CC429}.Debug|Mixed Platforms.ActiveCfg = Debug|Any CPU
		{0F646C1C-E8CE-48B0-B172-3827C83CC429}.Debug|Mixed Platforms.Build.0 = Debug|Any CPU
		{0F646C1C-E8CE-48B0-B172-3827C83CC429}.Debug|x86.ActiveCfg = Debug|Any CPU
		{0F646C1C-E8CE-48B0-B172-3827C83CC429}.Release|Any CPU.ActiveCfg = Release|Any CPU
		{0F646C1C-E8CE-48B0-B172-3827C83CC429}.Release|Any CPU.Build.0 = Release|Any CPU
		{0F646C1C-E8CE-48B0-B172-3827C83CC429}.Release|Mixed Platforms.ActiveCfg = Release|Any CPU
		{0F646C1C-E8CE-48B0-B172-3827C83CC429}.Release|Mixed Platforms.Build.0 = Release|Any CPU
		{0F646C1C-E8CE-48B0-B172-3827C83CC429}.Release|x86.ActiveCfg = Release|Any CPU
		{AF036186-63A6-47EF-90BE-5E65E79B9182}.Debug|Any CPU.ActiveCfg = Debug|Any CPU
		{AF036186-63A6-47EF-90BE-5E65E79B9182}.Debug|Any CPU.Build.0 = Debug|Any CPU
		{AF036186-63A6-47EF-90BE-5E65E79B9182}.Debug|Mixed Platforms.ActiveCfg = Debug|Any CPU
		{AF036186-63A6-47EF-90BE-5E65E79B9182}.Debug|Mixed Platforms.Build.0 = Debug|Any CPU
		{AF036186-63A6-47EF-90BE-5E65E79B9182}.Debug|x86.ActiveCfg = Debug|Any CPU
		{AF036186-63A6-47EF-90BE-5E65E79B9182}.Release|Any CPU.ActiveCfg = Release|Any CPU
		{AF036186-63A6-47EF-90BE-5E65E79B9182}.Release|Any CPU.Build.0 = Release|Any CPU
		{AF036186-63A6-47EF-90BE-5E65E79B9182}.Release|Mixed Platforms.ActiveCfg = Release|Any CPU
		{AF036186-63A6-47EF-90BE-5E65E79B9182}.Release|Mixed Platforms.Build.0 = Release|Any CPU
		{AF036186-63A6-47EF-90BE-5E65E79B9182}.Release|x86.ActiveCfg = Release|Any CPU
		{E22BD98D-CC23-4601-BC0E-27820C197EDA}.Debug|Any CPU.ActiveCfg = Debug|Any CPU
		{E22BD98D-CC23-4601-BC0E-27820C197EDA}.Debug|Any CPU.Build.0 = Debug|Any CPU
		{E22BD98D-CC23-4601-BC0E-27820C197EDA}.Debug|Mixed Platforms.ActiveCfg = Debug|Any CPU
		{E22BD98D-CC23-4601-BC0E-27820C197EDA}.Debug|Mixed Platforms.Build.0 = Debug|Any CPU
		{E22BD98D-CC23-4601-BC0E-27820C197EDA}.Debug|x86.ActiveCfg = Debug|x86
		{E22BD98D-CC23-4601-BC0E-27820C197EDA}.Debug|x86.Build.0 = Debug|x86
		{E22BD98D-CC23-4601-BC0E-27820C197EDA}.Release|Any CPU.ActiveCfg = Release|Any CPU
		{E22BD98D-CC23-4601-BC0E-27820C197EDA}.Release|Any CPU.Build.0 = Release|Any CPU
		{E22BD98D-CC23-4601-BC0E-27820C197EDA}.Release|Mixed Platforms.ActiveCfg = Release|Any CPU
		{E22BD98D-CC23-4601-BC0E-27820C197EDA}.Release|Mixed Platforms.Build.0 = Release|Any CPU
		{E22BD98D-CC23-4601-BC0E-27820C197EDA}.Release|x86.ActiveCfg = Release|x86
		{E22BD98D-CC23-4601-BC0E-27820C197EDA}.Release|x86.Build.0 = Release|x86
		{263EED5E-052C-4BEE-BF74-B761DAB1415F}.Debug|Any CPU.ActiveCfg = Debug|Any CPU
		{263EED5E-052C-4BEE-BF74-B761DAB1415F}.Debug|Any CPU.Build.0 = Debug|Any CPU
		{263EED5E-052C-4BEE-BF74-B761DAB1415F}.Debug|Mixed Platforms.ActiveCfg = Debug|Any CPU
		{263EED5E-052C-4BEE-BF74-B761DAB1415F}.Debug|Mixed Platforms.Build.0 = Debug|Any CPU
		{263EED5E-052C-4BEE-BF74-B761DAB1415F}.Debug|x86.ActiveCfg = Debug|x86
		{263EED5E-052C-4BEE-BF74-B761DAB1415F}.Debug|x86.Build.0 = Debug|x86
		{263EED5E-052C-4BEE-BF74-B761DAB1415F}.Release|Any CPU.ActiveCfg = Release|Any CPU
		{263EED5E-052C-4BEE-BF74-B761DAB1415F}.Release|Any CPU.Build.0 = Release|Any CPU
		{263EED5E-052C-4BEE-BF74-B761DAB1415F}.Release|Mixed Platforms.ActiveCfg = Release|Any CPU
		{263EED5E-052C-4BEE-BF74-B761DAB1415F}.Release|Mixed Platforms.Build.0 = Release|Any CPU
		{263EED5E-052C-4BEE-BF74-B761DAB1415F}.Release|x86.ActiveCfg = Release|x86
		{263EED5E-052C-4BEE-BF74-B761DAB1415F}.Release|x86.Build.0 = Release|x86
		{148F163B-F8C6-434E-85BA-575971286E70}.Debug|Any CPU.ActiveCfg = Debug|Any CPU
		{148F163B-F8C6-434E-85BA-575971286E70}.Debug|Any CPU.Build.0 = Debug|Any CPU
		{148F163B-F8C6-434E-85BA-575971286E70}.Debug|Mixed Platforms.ActiveCfg = Debug|Any CPU
		{148F163B-F8C6-434E-85BA-575971286E70}.Debug|Mixed Platforms.Build.0 = Debug|Any CPU
		{148F163B-F8C6-434E-85BA-575971286E70}.Debug|x86.ActiveCfg = Debug|x86
		{148F163B-F8C6-434E-85BA-575971286E70}.Debug|x86.Build.0 = Debug|x86
		{148F163B-F8C6-434E-85BA-575971286E70}.Release|Any CPU.ActiveCfg = Release|Any CPU
		{148F163B-F8C6-434E-85BA-575971286E70}.Release|Any CPU.Build.0 = Release|Any CPU
		{148F163B-F8C6-434E-85BA-575971286E70}.Release|Mixed Platforms.ActiveCfg = Release|Any CPU
		{148F163B-F8C6-434E-85BA-575971286E70}.Release|Mixed Platforms.Build.0 = Release|Any CPU
		{148F163B-F8C6-434E-85BA-575971286E70}.Release|x86.ActiveCfg = Release|x86
		{148F163B-F8C6-434E-85BA-575971286E70}.Release|x86.Build.0 = Release|x86
		{2453F5CA-D04C-4FB1-B603-354609CF96F3}.Debug|Any CPU.ActiveCfg = Debug|Any CPU
		{2453F5CA-D04C-4FB1-B603-354609CF96F3}.Debug|Any CPU.Build.0 = Debug|Any CPU
		{2453F5CA-D04C-4FB1-B603-354609CF96F3}.Debug|Mixed Platforms.ActiveCfg = Debug|Any CPU
		{2453F5CA-D04C-4FB1-B603-354609CF96F3}.Debug|Mixed Platforms.Build.0 = Debug|Any CPU
		{2453F5CA-D04C-4FB1-B603-354609CF96F3}.Debug|x86.ActiveCfg = Debug|x86
		{2453F5CA-D04C-4FB1-B603-354609CF96F3}.Debug|x86.Build.0 = Debug|x86
		{2453F5CA-D04C-4FB1-B603-354609CF96F3}.Release|Any CPU.ActiveCfg = Release|Any CPU
		{2453F5CA-D04C-4FB1-B603-354609CF96F3}.Release|Any CPU.Build.0 = Release|Any CPU
		{2453F5CA-D04C-4FB1-B603-354609CF96F3}.Release|Mixed Platforms.ActiveCfg = Release|Any CPU
		{2453F5CA-D04C-4FB1-B603-354609CF96F3}.Release|Mixed Platforms.Build.0 = Release|Any CPU
		{2453F5CA-D04C-4FB1-B603-354609CF96F3}.Release|x86.ActiveCfg = Release|x86
		{2453F5CA-D04C-4FB1-B603-354609CF96F3}.Release|x86.Build.0 = Release|x86
		{4D00EA77-5C1C-4C06-B72E-7C6AE4DCDCA6}.Debug|Any CPU.ActiveCfg = Debug|Any CPU
		{4D00EA77-5C1C-4C06-B72E-7C6AE4DCDCA6}.Debug|Mixed Platforms.ActiveCfg = Debug|Any CPU
		{4D00EA77-5C1C-4C06-B72E-7C6AE4DCDCA6}.Debug|x86.ActiveCfg = Debug|x86
		{4D00EA77-5C1C-4C06-B72E-7C6AE4DCDCA6}.Debug|x86.Build.0 = Debug|x86
		{4D00EA77-5C1C-4C06-B72E-7C6AE4DCDCA6}.Release|Any CPU.ActiveCfg = Release|Any CPU
		{4D00EA77-5C1C-4C06-B72E-7C6AE4DCDCA6}.Release|Mixed Platforms.ActiveCfg = Release|Any CPU
		{4D00EA77-5C1C-4C06-B72E-7C6AE4DCDCA6}.Release|x86.ActiveCfg = Release|x86
		{4D00EA77-5C1C-4C06-B72E-7C6AE4DCDCA6}.Release|x86.Build.0 = Release|x86
		{9D701EB9-D887-4ECC-A3E8-FDE26636D488}.Debug|Any CPU.ActiveCfg = Debug|Any CPU
		{9D701EB9-D887-4ECC-A3E8-FDE26636D488}.Debug|Any CPU.Build.0 = Debug|Any CPU
		{9D701EB9-D887-4ECC-A3E8-FDE26636D488}.Debug|Mixed Platforms.ActiveCfg = Debug|Any CPU
		{9D701EB9-D887-4ECC-A3E8-FDE26636D488}.Debug|Mixed Platforms.Build.0 = Debug|Any CPU
		{9D701EB9-D887-4ECC-A3E8-FDE26636D488}.Debug|x86.ActiveCfg = Debug|Any CPU
		{9D701EB9-D887-4ECC-A3E8-FDE26636D488}.Release|Any CPU.ActiveCfg = Release|Any CPU
		{9D701EB9-D887-4ECC-A3E8-FDE26636D488}.Release|Any CPU.Build.0 = Release|Any CPU
		{9D701EB9-D887-4ECC-A3E8-FDE26636D488}.Release|Mixed Platforms.ActiveCfg = Release|Any CPU
		{9D701EB9-D887-4ECC-A3E8-FDE26636D488}.Release|Mixed Platforms.Build.0 = Release|Any CPU
		{9D701EB9-D887-4ECC-A3E8-FDE26636D488}.Release|x86.ActiveCfg = Release|Any CPU
		{A8F69DAC-CC3D-429A-B9BC-75B76D869617}.Debug|Any CPU.ActiveCfg = Debug|Any CPU
		{A8F69DAC-CC3D-429A-B9BC-75B76D869617}.Debug|Any CPU.Build.0 = Debug|Any CPU
		{A8F69DAC-CC3D-429A-B9BC-75B76D869617}.Debug|Mixed Platforms.ActiveCfg = Debug|Any CPU
		{A8F69DAC-CC3D-429A-B9BC-75B76D869617}.Debug|Mixed Platforms.Build.0 = Debug|Any CPU
		{A8F69DAC-CC3D-429A-B9BC-75B76D869617}.Debug|x86.ActiveCfg = Debug|Any CPU
		{A8F69DAC-CC3D-429A-B9BC-75B76D869617}.Release|Any CPU.ActiveCfg = Release|Any CPU
		{A8F69DAC-CC3D-429A-B9BC-75B76D869617}.Release|Any CPU.Build.0 = Release|Any CPU
		{A8F69DAC-CC3D-429A-B9BC-75B76D869617}.Release|Mixed Platforms.ActiveCfg = Release|Any CPU
		{A8F69DAC-CC3D-429A-B9BC-75B76D869617}.Release|Mixed Platforms.Build.0 = Release|Any CPU
		{A8F69DAC-CC3D-429A-B9BC-75B76D869617}.Release|x86.ActiveCfg = Release|Any CPU
		{0F46D229-471F-441E-9154-13F68E7EAE84}.Debug|Any CPU.ActiveCfg = Debug|Any CPU
		{0F46D229-471F-441E-9154-13F68E7EAE84}.Debug|Any CPU.Build.0 = Debug|Any CPU
		{0F46D229-471F-441E-9154-13F68E7EAE84}.Debug|Mixed Platforms.ActiveCfg = Debug|Any CPU
		{0F46D229-471F-441E-9154-13F68E7EAE84}.Debug|Mixed Platforms.Build.0 = Debug|Any CPU
		{0F46D229-471F-441E-9154-13F68E7EAE84}.Debug|x86.ActiveCfg = Debug|Any CPU
		{0F46D229-471F-441E-9154-13F68E7EAE84}.Release|Any CPU.ActiveCfg = Release|Any CPU
		{0F46D229-471F-441E-9154-13F68E7EAE84}.Release|Any CPU.Build.0 = Release|Any CPU
		{0F46D229-471F-441E-9154-13F68E7EAE84}.Release|Mixed Platforms.ActiveCfg = Release|Any CPU
		{0F46D229-471F-441E-9154-13F68E7EAE84}.Release|Mixed Platforms.Build.0 = Release|Any CPU
		{0F46D229-471F-441E-9154-13F68E7EAE84}.Release|x86.ActiveCfg = Release|Any CPU
		{93475D7E-A224-41FA-A21B-0B037C715967}.Debug|Any CPU.ActiveCfg = Debug|Any CPU
		{93475D7E-A224-41FA-A21B-0B037C715967}.Debug|Any CPU.Build.0 = Debug|Any CPU
		{93475D7E-A224-41FA-A21B-0B037C715967}.Debug|Mixed Platforms.ActiveCfg = Debug|Any CPU
		{93475D7E-A224-41FA-A21B-0B037C715967}.Debug|Mixed Platforms.Build.0 = Debug|Any CPU
		{93475D7E-A224-41FA-A21B-0B037C715967}.Debug|x86.ActiveCfg = Debug|Any CPU
		{93475D7E-A224-41FA-A21B-0B037C715967}.Release|Any CPU.ActiveCfg = Release|Any CPU
		{93475D7E-A224-41FA-A21B-0B037C715967}.Release|Any CPU.Build.0 = Release|Any CPU
		{93475D7E-A224-41FA-A21B-0B037C715967}.Release|Mixed Platforms.ActiveCfg = Release|Any CPU
		{93475D7E-A224-41FA-A21B-0B037C715967}.Release|Mixed Platforms.Build.0 = Release|Any CPU
		{93475D7E-A224-41FA-A21B-0B037C715967}.Release|x86.ActiveCfg = Release|Any CPU
		{06D3CCF6-506B-49A8-866E-190AAE3EC49F}.Debug|Any CPU.ActiveCfg = Debug|Any CPU
		{06D3CCF6-506B-49A8-866E-190AAE3EC49F}.Debug|Any CPU.Build.0 = Debug|Any CPU
		{06D3CCF6-506B-49A8-866E-190AAE3EC49F}.Debug|Mixed Platforms.ActiveCfg = Debug|Any CPU
		{06D3CCF6-506B-49A8-866E-190AAE3EC49F}.Debug|Mixed Platforms.Build.0 = Debug|Any CPU
		{06D3CCF6-506B-49A8-866E-190AAE3EC49F}.Debug|x86.ActiveCfg = Debug|Any CPU
		{06D3CCF6-506B-49A8-866E-190AAE3EC49F}.Release|Any CPU.ActiveCfg = Release|Any CPU
		{06D3CCF6-506B-49A8-866E-190AAE3EC49F}.Release|Any CPU.Build.0 = Release|Any CPU
		{06D3CCF6-506B-49A8-866E-190AAE3EC49F}.Release|Mixed Platforms.ActiveCfg = Release|Any CPU
		{06D3CCF6-506B-49A8-866E-190AAE3EC49F}.Release|Mixed Platforms.Build.0 = Release|Any CPU
		{06D3CCF6-506B-49A8-866E-190AAE3EC49F}.Release|x86.ActiveCfg = Release|Any CPU
		{737FD020-07AB-4586-A3C4-1F6928E66095}.Debug|Any CPU.ActiveCfg = Debug|Any CPU
		{737FD020-07AB-4586-A3C4-1F6928E66095}.Debug|Any CPU.Build.0 = Debug|Any CPU
		{737FD020-07AB-4586-A3C4-1F6928E66095}.Debug|Mixed Platforms.ActiveCfg = Debug|Any CPU
		{737FD020-07AB-4586-A3C4-1F6928E66095}.Debug|Mixed Platforms.Build.0 = Debug|Any CPU
		{737FD020-07AB-4586-A3C4-1F6928E66095}.Debug|x86.ActiveCfg = Debug|Any CPU
		{737FD020-07AB-4586-A3C4-1F6928E66095}.Debug|x86.Build.0 = Debug|Any CPU
		{737FD020-07AB-4586-A3C4-1F6928E66095}.Release|Any CPU.ActiveCfg = Release|Any CPU
		{737FD020-07AB-4586-A3C4-1F6928E66095}.Release|Any CPU.Build.0 = Release|Any CPU
		{737FD020-07AB-4586-A3C4-1F6928E66095}.Release|Mixed Platforms.ActiveCfg = Release|Any CPU
		{737FD020-07AB-4586-A3C4-1F6928E66095}.Release|Mixed Platforms.Build.0 = Release|Any CPU
		{737FD020-07AB-4586-A3C4-1F6928E66095}.Release|x86.ActiveCfg = Release|Any CPU
		{737FD020-07AB-4586-A3C4-1F6928E66095}.Release|x86.Build.0 = Release|Any CPU
		{3761670E-3741-406D-8C97-9E2ACA14FEB6}.Debug|Any CPU.ActiveCfg = Debug|Any CPU
		{3761670E-3741-406D-8C97-9E2ACA14FEB6}.Debug|Any CPU.Build.0 = Debug|Any CPU
		{3761670E-3741-406D-8C97-9E2ACA14FEB6}.Debug|Mixed Platforms.ActiveCfg = Debug|Any CPU
		{3761670E-3741-406D-8C97-9E2ACA14FEB6}.Debug|Mixed Platforms.Build.0 = Debug|Any CPU
		{3761670E-3741-406D-8C97-9E2ACA14FEB6}.Debug|x86.ActiveCfg = Debug|x86
		{3761670E-3741-406D-8C97-9E2ACA14FEB6}.Debug|x86.Build.0 = Debug|x86
		{3761670E-3741-406D-8C97-9E2ACA14FEB6}.Release|Any CPU.ActiveCfg = Release|Any CPU
		{3761670E-3741-406D-8C97-9E2ACA14FEB6}.Release|Any CPU.Build.0 = Release|Any CPU
		{3761670E-3741-406D-8C97-9E2ACA14FEB6}.Release|Mixed Platforms.ActiveCfg = Release|Any CPU
		{3761670E-3741-406D-8C97-9E2ACA14FEB6}.Release|Mixed Platforms.Build.0 = Release|Any CPU
		{3761670E-3741-406D-8C97-9E2ACA14FEB6}.Release|x86.ActiveCfg = Release|x86
		{3761670E-3741-406D-8C97-9E2ACA14FEB6}.Release|x86.Build.0 = Release|x86
		{3263B657-0F7D-422E-96FB-B28DF207DA3B}.Debug|Any CPU.ActiveCfg = Debug|Any CPU
		{3263B657-0F7D-422E-96FB-B28DF207DA3B}.Debug|Any CPU.Build.0 = Debug|Any CPU
		{3263B657-0F7D-422E-96FB-B28DF207DA3B}.Debug|Mixed Platforms.ActiveCfg = Debug|Any CPU
		{3263B657-0F7D-422E-96FB-B28DF207DA3B}.Debug|Mixed Platforms.Build.0 = Debug|Any CPU
		{3263B657-0F7D-422E-96FB-B28DF207DA3B}.Debug|x86.ActiveCfg = Debug|Any CPU
		{3263B657-0F7D-422E-96FB-B28DF207DA3B}.Release|Any CPU.ActiveCfg = Release|Any CPU
		{3263B657-0F7D-422E-96FB-B28DF207DA3B}.Release|Any CPU.Build.0 = Release|Any CPU
		{3263B657-0F7D-422E-96FB-B28DF207DA3B}.Release|Mixed Platforms.ActiveCfg = Release|Any CPU
		{3263B657-0F7D-422E-96FB-B28DF207DA3B}.Release|Mixed Platforms.Build.0 = Release|Any CPU
		{3263B657-0F7D-422E-96FB-B28DF207DA3B}.Release|x86.ActiveCfg = Release|Any CPU
		{C7E94304-B0BF-4E8D-ACF1-67C459C42FDB}.Debug|Any CPU.ActiveCfg = Debug|Any CPU
		{C7E94304-B0BF-4E8D-ACF1-67C459C42FDB}.Debug|Any CPU.Build.0 = Debug|Any CPU
		{C7E94304-B0BF-4E8D-ACF1-67C459C42FDB}.Debug|Mixed Platforms.ActiveCfg = Debug|Any CPU
		{C7E94304-B0BF-4E8D-ACF1-67C459C42FDB}.Debug|Mixed Platforms.Build.0 = Debug|Any CPU
		{C7E94304-B0BF-4E8D-ACF1-67C459C42FDB}.Debug|x86.ActiveCfg = Debug|Any CPU
		{C7E94304-B0BF-4E8D-ACF1-67C459C42FDB}.Release|Any CPU.ActiveCfg = Release|Any CPU
		{C7E94304-B0BF-4E8D-ACF1-67C459C42FDB}.Release|Any CPU.Build.0 = Release|Any CPU
		{C7E94304-B0BF-4E8D-ACF1-67C459C42FDB}.Release|Mixed Platforms.ActiveCfg = Release|Any CPU
		{C7E94304-B0BF-4E8D-ACF1-67C459C42FDB}.Release|Mixed Platforms.Build.0 = Release|Any CPU
		{C7E94304-B0BF-4E8D-ACF1-67C459C42FDB}.Release|x86.ActiveCfg = Release|Any CPU
		{86D7FE6B-6C39-4D29-9E6F-BC19D48B6D81}.Debug|Any CPU.ActiveCfg = Debug|Any CPU
		{86D7FE6B-6C39-4D29-9E6F-BC19D48B6D81}.Debug|Any CPU.Build.0 = Debug|Any CPU
		{86D7FE6B-6C39-4D29-9E6F-BC19D48B6D81}.Debug|Mixed Platforms.ActiveCfg = Debug|Any CPU
		{86D7FE6B-6C39-4D29-9E6F-BC19D48B6D81}.Debug|Mixed Platforms.Build.0 = Debug|Any CPU
		{86D7FE6B-6C39-4D29-9E6F-BC19D48B6D81}.Debug|x86.ActiveCfg = Debug|Any CPU
		{86D7FE6B-6C39-4D29-9E6F-BC19D48B6D81}.Release|Any CPU.ActiveCfg = Release|Any CPU
		{86D7FE6B-6C39-4D29-9E6F-BC19D48B6D81}.Release|Any CPU.Build.0 = Release|Any CPU
		{86D7FE6B-6C39-4D29-9E6F-BC19D48B6D81}.Release|Mixed Platforms.ActiveCfg = Release|Any CPU
		{86D7FE6B-6C39-4D29-9E6F-BC19D48B6D81}.Release|Mixed Platforms.Build.0 = Release|Any CPU
		{86D7FE6B-6C39-4D29-9E6F-BC19D48B6D81}.Release|x86.ActiveCfg = Release|Any CPU
		{E1CF2528-F7A3-4AD1-B5A0-03869FD4A02B}.Debug|Any CPU.ActiveCfg = Debug|Any CPU
		{E1CF2528-F7A3-4AD1-B5A0-03869FD4A02B}.Debug|Any CPU.Build.0 = Debug|Any CPU
		{E1CF2528-F7A3-4AD1-B5A0-03869FD4A02B}.Debug|Mixed Platforms.ActiveCfg = Debug|Any CPU
		{E1CF2528-F7A3-4AD1-B5A0-03869FD4A02B}.Debug|Mixed Platforms.Build.0 = Debug|Any CPU
		{E1CF2528-F7A3-4AD1-B5A0-03869FD4A02B}.Debug|x86.ActiveCfg = Debug|Any CPU
		{E1CF2528-F7A3-4AD1-B5A0-03869FD4A02B}.Release|Any CPU.ActiveCfg = Release|Any CPU
		{E1CF2528-F7A3-4AD1-B5A0-03869FD4A02B}.Release|Any CPU.Build.0 = Release|Any CPU
		{E1CF2528-F7A3-4AD1-B5A0-03869FD4A02B}.Release|Mixed Platforms.ActiveCfg = Release|Any CPU
		{E1CF2528-F7A3-4AD1-B5A0-03869FD4A02B}.Release|Mixed Platforms.Build.0 = Release|Any CPU
		{E1CF2528-F7A3-4AD1-B5A0-03869FD4A02B}.Release|x86.ActiveCfg = Release|Any CPU
		{EF5C87A8-65D8-45E5-9AD8-4DDC635E6B01}.Debug|Any CPU.ActiveCfg = Debug|Any CPU
		{EF5C87A8-65D8-45E5-9AD8-4DDC635E6B01}.Debug|Any CPU.Build.0 = Debug|Any CPU
		{EF5C87A8-65D8-45E5-9AD8-4DDC635E6B01}.Debug|Mixed Platforms.ActiveCfg = Debug|Any CPU
		{EF5C87A8-65D8-45E5-9AD8-4DDC635E6B01}.Debug|Mixed Platforms.Build.0 = Debug|Any CPU
		{EF5C87A8-65D8-45E5-9AD8-4DDC635E6B01}.Debug|x86.ActiveCfg = Debug|Any CPU
		{EF5C87A8-65D8-45E5-9AD8-4DDC635E6B01}.Release|Any CPU.ActiveCfg = Release|Any CPU
		{EF5C87A8-65D8-45E5-9AD8-4DDC635E6B01}.Release|Any CPU.Build.0 = Release|Any CPU
		{EF5C87A8-65D8-45E5-9AD8-4DDC635E6B01}.Release|Mixed Platforms.ActiveCfg = Release|Any CPU
		{EF5C87A8-65D8-45E5-9AD8-4DDC635E6B01}.Release|Mixed Platforms.Build.0 = Release|Any CPU
		{EF5C87A8-65D8-45E5-9AD8-4DDC635E6B01}.Release|x86.ActiveCfg = Release|Any CPU
		{D5BB0027-0F45-4624-8DDE-EC137E33FED9}.Debug|Any CPU.ActiveCfg = Debug|Any CPU
		{D5BB0027-0F45-4624-8DDE-EC137E33FED9}.Debug|Any CPU.Build.0 = Debug|Any CPU
		{D5BB0027-0F45-4624-8DDE-EC137E33FED9}.Debug|Mixed Platforms.ActiveCfg = Debug|Any CPU
		{D5BB0027-0F45-4624-8DDE-EC137E33FED9}.Debug|Mixed Platforms.Build.0 = Debug|Any CPU
		{D5BB0027-0F45-4624-8DDE-EC137E33FED9}.Debug|x86.ActiveCfg = Debug|Any CPU
		{D5BB0027-0F45-4624-8DDE-EC137E33FED9}.Release|Any CPU.ActiveCfg = Release|Any CPU
		{D5BB0027-0F45-4624-8DDE-EC137E33FED9}.Release|Any CPU.Build.0 = Release|Any CPU
		{D5BB0027-0F45-4624-8DDE-EC137E33FED9}.Release|Mixed Platforms.ActiveCfg = Release|Any CPU
		{D5BB0027-0F45-4624-8DDE-EC137E33FED9}.Release|Mixed Platforms.Build.0 = Release|Any CPU
		{D5BB0027-0F45-4624-8DDE-EC137E33FED9}.Release|x86.ActiveCfg = Release|Any CPU
		{938466D3-7F2C-4C44-9433-2BC59EE91EFA}.Debug|Any CPU.ActiveCfg = Debug|Any CPU
		{938466D3-7F2C-4C44-9433-2BC59EE91EFA}.Debug|Any CPU.Build.0 = Debug|Any CPU
		{938466D3-7F2C-4C44-9433-2BC59EE91EFA}.Debug|Mixed Platforms.ActiveCfg = Debug|Any CPU
		{938466D3-7F2C-4C44-9433-2BC59EE91EFA}.Debug|Mixed Platforms.Build.0 = Debug|Any CPU
		{938466D3-7F2C-4C44-9433-2BC59EE91EFA}.Debug|x86.ActiveCfg = Debug|Any CPU
		{938466D3-7F2C-4C44-9433-2BC59EE91EFA}.Debug|x86.Build.0 = Debug|Any CPU
		{938466D3-7F2C-4C44-9433-2BC59EE91EFA}.Release|Any CPU.ActiveCfg = Release|Any CPU
		{938466D3-7F2C-4C44-9433-2BC59EE91EFA}.Release|Any CPU.Build.0 = Release|Any CPU
		{938466D3-7F2C-4C44-9433-2BC59EE91EFA}.Release|Mixed Platforms.ActiveCfg = Release|Any CPU
		{938466D3-7F2C-4C44-9433-2BC59EE91EFA}.Release|Mixed Platforms.Build.0 = Release|Any CPU
		{938466D3-7F2C-4C44-9433-2BC59EE91EFA}.Release|x86.ActiveCfg = Release|Any CPU
		{938466D3-7F2C-4C44-9433-2BC59EE91EFA}.Release|x86.Build.0 = Release|Any CPU
		{D9E13E89-3D96-44DE-8C1E-FB55D25AF3EB}.Debug|Any CPU.ActiveCfg = Debug|Any CPU
		{D9E13E89-3D96-44DE-8C1E-FB55D25AF3EB}.Debug|Mixed Platforms.ActiveCfg = Debug|Any CPU
		{D9E13E89-3D96-44DE-8C1E-FB55D25AF3EB}.Debug|x86.ActiveCfg = Debug|Any CPU
		{D9E13E89-3D96-44DE-8C1E-FB55D25AF3EB}.Debug|x86.Build.0 = Debug|Any CPU
		{D9E13E89-3D96-44DE-8C1E-FB55D25AF3EB}.Release|Any CPU.ActiveCfg = Release|Any CPU
		{D9E13E89-3D96-44DE-8C1E-FB55D25AF3EB}.Release|Mixed Platforms.ActiveCfg = Release|Any CPU
		{D9E13E89-3D96-44DE-8C1E-FB55D25AF3EB}.Release|x86.ActiveCfg = Release|Any CPU
		{D9E13E89-3D96-44DE-8C1E-FB55D25AF3EB}.Release|x86.Build.0 = Release|Any CPU
	EndGlobalSection
	GlobalSection(SolutionProperties) = preSolution
		HideSolutionNode = FALSE
	EndGlobalSection
	GlobalSection(ExtensibilityGlobals) = postSolution
		SolutionGuid = {20C15133-DC0F-4375-997D-DAECA529A455}
	EndGlobalSection
EndGlobal